// !$*UTF8*$!
{
	archiveVersion = 1;
	classes = {
	};
	objectVersion = 55;
	objects = {

/* Begin PBXBuildFile section */
		A317B257274E74C900A69A2F /* AppDelegate.swift in Sources */ = {isa = PBXBuildFile; fileRef = A317B256274E74C900A69A2F /* AppDelegate.swift */; };
		A317B259274E74C900A69A2F /* SceneDelegate.swift in Sources */ = {isa = PBXBuildFile; fileRef = A317B258274E74C900A69A2F /* SceneDelegate.swift */; };
		A317B25B274E74C900A69A2F /* ViewController.swift in Sources */ = {isa = PBXBuildFile; fileRef = A317B25A274E74C900A69A2F /* ViewController.swift */; };
		A317B25E274E74C900A69A2F /* Main.storyboard in Resources */ = {isa = PBXBuildFile; fileRef = A317B25C274E74C900A69A2F /* Main.storyboard */; };
		A317B260274E74CB00A69A2F /* Assets.xcassets in Resources */ = {isa = PBXBuildFile; fileRef = A317B25F274E74CB00A69A2F /* Assets.xcassets */; };
		A317B263274E74CB00A69A2F /* LaunchScreen.storyboard in Resources */ = {isa = PBXBuildFile; fileRef = A317B261274E74CB00A69A2F /* LaunchScreen.storyboard */; };
		A317B26E274E74CB00A69A2F /* DigmonTests.swift in Sources */ = {isa = PBXBuildFile; fileRef = A317B26D274E74CB00A69A2F /* DigmonTests.swift */; };
		A317B278274E74CB00A69A2F /* DigmonUITests.swift in Sources */ = {isa = PBXBuildFile; fileRef = A317B277274E74CB00A69A2F /* DigmonUITests.swift */; };
		A317B27A274E74CB00A69A2F /* DigmonUITestsLaunchTests.swift in Sources */ = {isa = PBXBuildFile; fileRef = A317B279274E74CB00A69A2F /* DigmonUITestsLaunchTests.swift */; };
		A328D912274F63B2001A609C /* Digmon.swift in Sources */ = {isa = PBXBuildFile; fileRef = A328D911274F63B2001A609C /* Digmon.swift */; };
/* End PBXBuildFile section */

/* Begin PBXContainerItemProxy section */
		A317B26A274E74CB00A69A2F /* PBXContainerItemProxy */ = {
			isa = PBXContainerItemProxy;
			containerPortal = A317B24B274E74C900A69A2F /* Project object */;
			proxyType = 1;
			remoteGlobalIDString = A317B252274E74C900A69A2F;
			remoteInfo = Digmon;
		};
		A317B274274E74CB00A69A2F /* PBXContainerItemProxy */ = {
			isa = PBXContainerItemProxy;
			containerPortal = A317B24B274E74C900A69A2F /* Project object */;
			proxyType = 1;
			remoteGlobalIDString = A317B252274E74C900A69A2F;
			remoteInfo = Digmon;
		};
/* End PBXContainerItemProxy section */

/* Begin PBXFileReference section */
		A317B253274E74C900A69A2F /* Digmon.app */ = {isa = PBXFileReference; explicitFileType = wrapper.application; includeInIndex = 0; path = Digmon.app; sourceTree = BUILT_PRODUCTS_DIR; };
		A317B256274E74C900A69A2F /* AppDelegate.swift */ = {isa = PBXFileReference; lastKnownFileType = sourcecode.swift; path = AppDelegate.swift; sourceTree = "<group>"; };
		A317B258274E74C900A69A2F /* SceneDelegate.swift */ = {isa = PBXFileReference; lastKnownFileType = sourcecode.swift; path = SceneDelegate.swift; sourceTree = "<group>"; };
		A317B25A274E74C900A69A2F /* ViewController.swift */ = {isa = PBXFileReference; lastKnownFileType = sourcecode.swift; path = ViewController.swift; sourceTree = "<group>"; };
		A317B25D274E74C900A69A2F /* Base */ = {isa = PBXFileReference; lastKnownFileType = file.storyboard; name = Base; path = Base.lproj/Main.storyboard; sourceTree = "<group>"; };
		A317B25F274E74CB00A69A2F /* Assets.xcassets */ = {isa = PBXFileReference; lastKnownFileType = folder.assetcatalog; path = Assets.xcassets; sourceTree = "<group>"; };
		A317B262274E74CB00A69A2F /* Base */ = {isa = PBXFileReference; lastKnownFileType = file.storyboard; name = Base; path = Base.lproj/LaunchScreen.storyboard; sourceTree = "<group>"; };
		A317B264274E74CB00A69A2F /* Info.plist */ = {isa = PBXFileReference; lastKnownFileType = text.plist.xml; path = Info.plist; sourceTree = "<group>"; };
		A317B269274E74CB00A69A2F /* DigmonTests.xctest */ = {isa = PBXFileReference; explicitFileType = wrapper.cfbundle; includeInIndex = 0; path = DigmonTests.xctest; sourceTree = BUILT_PRODUCTS_DIR; };
		A317B26D274E74CB00A69A2F /* DigmonTests.swift */ = {isa = PBXFileReference; lastKnownFileType = sourcecode.swift; path = DigmonTests.swift; sourceTree = "<group>"; };
		A317B273274E74CB00A69A2F /* DigmonUITests.xctest */ = {isa = PBXFileReference; explicitFileType = wrapper.cfbundle; includeInIndex = 0; path = DigmonUITests.xctest; sourceTree = BUILT_PRODUCTS_DIR; };
		A317B277274E74CB00A69A2F /* DigmonUITests.swift */ = {isa = PBXFileReference; lastKnownFileType = sourcecode.swift; path = DigmonUITests.swift; sourceTree = "<group>"; };
		A317B279274E74CB00A69A2F /* DigmonUITestsLaunchTests.swift */ = {isa = PBXFileReference; lastKnownFileType = sourcecode.swift; path = DigmonUITestsLaunchTests.swift; sourceTree = "<group>"; };
		A328D911274F63B2001A609C /* Digmon.swift */ = {isa = PBXFileReference; lastKnownFileType = sourcecode.swift; path = Digmon.swift; sourceTree = "<group>"; };
/* End PBXFileReference section */

/* Begin PBXFrameworksBuildPhase section */
		A317B250274E74C900A69A2F /* Frameworks */ = {
			isa = PBXFrameworksBuildPhase;
			buildActionMask = 2147483647;
			files = (
			);
			runOnlyForDeploymentPostprocessing = 0;
		};
		A317B266274E74CB00A69A2F /* Frameworks */ = {
			isa = PBXFrameworksBuildPhase;
			buildActionMask = 2147483647;
			files = (
			);
			runOnlyForDeploymentPostprocessing = 0;
		};
		A317B270274E74CB00A69A2F /* Frameworks */ = {
			isa = PBXFrameworksBuildPhase;
			buildActionMask = 2147483647;
			files = (
			);
			runOnlyForDeploymentPostprocessing = 0;
		};
/* End PBXFrameworksBuildPhase section */

/* Begin PBXGroup section */
		A317B24A274E74C900A69A2F = {
			isa = PBXGroup;
			children = (
				A317B255274E74C900A69A2F /* Digmon */,
				A317B26C274E74CB00A69A2F /* DigmonTests */,
				A317B276274E74CB00A69A2F /* DigmonUITests */,
				A317B254274E74C900A69A2F /* Products */,
			);
			sourceTree = "<group>";
		};
		A317B254274E74C900A69A2F /* Products */ = {
			isa = PBXGroup;
			children = (
				A317B253274E74C900A69A2F /* Digmon.app */,
				A317B269274E74CB00A69A2F /* DigmonTests.xctest */,
				A317B273274E74CB00A69A2F /* DigmonUITests.xctest */,
			);
			name = Products;
			sourceTree = "<group>";
		};
		A317B255274E74C900A69A2F /* Digmon */ = {
			isa = PBXGroup;
			children = (
				A317B256274E74C900A69A2F /* AppDelegate.swift */,
				A317B258274E74C900A69A2F /* SceneDelegate.swift */,
				A317B25A274E74C900A69A2F /* ViewController.swift */,
				A328D910274F636D001A609C /* model */,
				A317B25C274E74C900A69A2F /* Main.storyboard */,
				A317B25F274E74CB00A69A2F /* Assets.xcassets */,
				A317B261274E74CB00A69A2F /* LaunchScreen.storyboard */,
				A317B264274E74CB00A69A2F /* Info.plist */,
			);
			path = Digmon;
			sourceTree = "<group>";
		};
		A317B26C274E74CB00A69A2F /* DigmonTests */ = {
			isa = PBXGroup;
			children = (
				A317B26D274E74CB00A69A2F /* DigmonTests.swift */,
			);
			path = DigmonTests;
			sourceTree = "<group>";
		};
		A317B276274E74CB00A69A2F /* DigmonUITests */ = {
			isa = PBXGroup;
			children = (
				A317B277274E74CB00A69A2F /* DigmonUITests.swift */,
				A317B279274E74CB00A69A2F /* DigmonUITestsLaunchTests.swift */,
			);
			path = DigmonUITests;
			sourceTree = "<group>";
		};
		A328D910274F636D001A609C /* model */ = {
			isa = PBXGroup;
			children = (
				A328D911274F63B2001A609C /* Digmon.swift */,
			);
			path = model;
			sourceTree = "<group>";
		};
/* End PBXGroup section */

/* Begin PBXNativeTarget section */
		A317B252274E74C900A69A2F /* Digmon */ = {
			isa = PBXNativeTarget;
			buildConfigurationList = A317B27D274E74CB00A69A2F /* Build configuration list for PBXNativeTarget "Digmon" */;
			buildPhases = (
				A317B24F274E74C900A69A2F /* Sources */,
				A317B250274E74C900A69A2F /* Frameworks */,
				A317B251274E74C900A69A2F /* Resources */,
			);
			buildRules = (
			);
			dependencies = (
			);
			name = Digmon;
			productName = Digmon;
			productReference = A317B253274E74C900A69A2F /* Digmon.app */;
			productType = "com.apple.product-type.application";
		};
		A317B268274E74CB00A69A2F /* DigmonTests */ = {
			isa = PBXNativeTarget;
			buildConfigurationList = A317B280274E74CB00A69A2F /* Build configuration list for PBXNativeTarget "DigmonTests" */;
			buildPhases = (
				A317B265274E74CB00A69A2F /* Sources */,
				A317B266274E74CB00A69A2F /* Frameworks */,
				A317B267274E74CB00A69A2F /* Resources */,
			);
			buildRules = (
			);
			dependencies = (
				A317B26B274E74CB00A69A2F /* PBXTargetDependency */,
			);
			name = DigmonTests;
			productName = DigmonTests;
			productReference = A317B269274E74CB00A69A2F /* DigmonTests.xctest */;
			productType = "com.apple.product-type.bundle.unit-test";
		};
		A317B272274E74CB00A69A2F /* DigmonUITests */ = {
			isa = PBXNativeTarget;
			buildConfigurationList = A317B283274E74CB00A69A2F /* Build configuration list for PBXNativeTarget "DigmonUITests" */;
			buildPhases = (
				A317B26F274E74CB00A69A2F /* Sources */,
				A317B270274E74CB00A69A2F /* Frameworks */,
				A317B271274E74CB00A69A2F /* Resources */,
			);
			buildRules = (
			);
			dependencies = (
				A317B275274E74CB00A69A2F /* PBXTargetDependency */,
			);
			name = DigmonUITests;
			productName = DigmonUITests;
			productReference = A317B273274E74CB00A69A2F /* DigmonUITests.xctest */;
			productType = "com.apple.product-type.bundle.ui-testing";
		};
/* End PBXNativeTarget section */

/* Begin PBXProject section */
		A317B24B274E74C900A69A2F /* Project object */ = {
			isa = PBXProject;
			attributes = {
				BuildIndependentTargetsInParallel = 1;
				LastSwiftUpdateCheck = 1310;
				LastUpgradeCheck = 1310;
				TargetAttributes = {
					A317B252274E74C900A69A2F = {
						CreatedOnToolsVersion = 13.1;
					};
					A317B268274E74CB00A69A2F = {
						CreatedOnToolsVersion = 13.1;
						TestTargetID = A317B252274E74C900A69A2F;
					};
					A317B272274E74CB00A69A2F = {
						CreatedOnToolsVersion = 13.1;
						TestTargetID = A317B252274E74C900A69A2F;
					};
				};
			};
			buildConfigurationList = A317B24E274E74C900A69A2F /* Build configuration list for PBXProject "Digmon" */;
			compatibilityVersion = "Xcode 13.0";
			developmentRegion = en;
			hasScannedForEncodings = 0;
			knownRegions = (
				en,
				Base,
			);
			mainGroup = A317B24A274E74C900A69A2F;
			productRefGroup = A317B254274E74C900A69A2F /* Products */;
			projectDirPath = "";
			projectRoot = "";
			targets = (
				A317B252274E74C900A69A2F /* Digmon */,
				A317B268274E74CB00A69A2F /* DigmonTests */,
				A317B272274E74CB00A69A2F /* DigmonUITests */,
			);
		};
/* End PBXProject section */

/* Begin PBXResourcesBuildPhase section */
		A317B251274E74C900A69A2F /* Resources */ = {
			isa = PBXResourcesBuildPhase;
			buildActionMask = 2147483647;
			files = (
				A317B263274E74CB00A69A2F /* LaunchScreen.storyboard in Resources */,
				A317B260274E74CB00A69A2F /* Assets.xcassets in Resources */,
				A317B25E274E74C900A69A2F /* Main.storyboard in Resources */,
			);
			runOnlyForDeploymentPostprocessing = 0;
		};
		A317B267274E74CB00A69A2F /* Resources */ = {
			isa = PBXResourcesBuildPhase;
			buildActionMask = 2147483647;
			files = (
			);
			runOnlyForDeploymentPostprocessing = 0;
		};
		A317B271274E74CB00A69A2F /* Resources */ = {
			isa = PBXResourcesBuildPhase;
			buildActionMask = 2147483647;
			files = (
			);
			runOnlyForDeploymentPostprocessing = 0;
		};
/* End PBXResourcesBuildPhase section */

/* Begin PBXSourcesBuildPhase section */
		A317B24F274E74C900A69A2F /* Sources */ = {
			isa = PBXSourcesBuildPhase;
			buildActionMask = 2147483647;
			files = (
				A317B25B274E74C900A69A2F /* ViewController.swift in Sources */,
				A317B257274E74C900A69A2F /* AppDelegate.swift in Sources */,
				A317B259274E74C900A69A2F /* SceneDelegate.swift in Sources */,
				A328D912274F63B2001A609C /* Digmon.swift in Sources */,
			);
			runOnlyForDeploymentPostprocessing = 0;
		};
		A317B265274E74CB00A69A2F /* Sources */ = {
			isa = PBXSourcesBuildPhase;
			buildActionMask = 2147483647;
			files = (
				A317B26E274E74CB00A69A2F /* DigmonTests.swift in Sources */,
			);
			runOnlyForDeploymentPostprocessing = 0;
		};
		A317B26F274E74CB00A69A2F /* Sources */ = {
			isa = PBXSourcesBuildPhase;
			buildActionMask = 2147483647;
			files = (
				A317B27A274E74CB00A69A2F /* DigmonUITestsLaunchTests.swift in Sources */,
				A317B278274E74CB00A69A2F /* DigmonUITests.swift in Sources */,
			);
			runOnlyForDeploymentPostprocessing = 0;
		};
/* End PBXSourcesBuildPhase section */

/* Begin PBXTargetDependency section */
		A317B26B274E74CB00A69A2F /* PBXTargetDependency */ = {
			isa = PBXTargetDependency;
			target = A317B252274E74C900A69A2F /* Digmon */;
			targetProxy = A317B26A274E74CB00A69A2F /* PBXContainerItemProxy */;
		};
		A317B275274E74CB00A69A2F /* PBXTargetDependency */ = {
			isa = PBXTargetDependency;
			target = A317B252274E74C900A69A2F /* Digmon */;
			targetProxy = A317B274274E74CB00A69A2F /* PBXContainerItemProxy */;
		};
/* End PBXTargetDependency section */

/* Begin PBXVariantGroup section */
		A317B25C274E74C900A69A2F /* Main.storyboard */ = {
			isa = PBXVariantGroup;
			children = (
				A317B25D274E74C900A69A2F /* Base */,
			);
			name = Main.storyboard;
			sourceTree = "<group>";
		};
		A317B261274E74CB00A69A2F /* LaunchScreen.storyboard */ = {
			isa = PBXVariantGroup;
			children = (
				A317B262274E74CB00A69A2F /* Base */,
			);
			name = LaunchScreen.storyboard;
			sourceTree = "<group>";
		};
/* End PBXVariantGroup section */

/* Begin XCBuildConfiguration section */
		A317B27B274E74CB00A69A2F /* Debug */ = {
			isa = XCBuildConfiguration;
			buildSettings = {
				ALWAYS_SEARCH_USER_PATHS = NO;
				CLANG_ANALYZER_NONNULL = YES;
				CLANG_ANALYZER_NUMBER_OBJECT_CONVERSION = YES_AGGRESSIVE;
				CLANG_CXX_LANGUAGE_STANDARD = "gnu++17";
				CLANG_CXX_LIBRARY = "libc++";
				CLANG_ENABLE_MODULES = YES;
				CLANG_ENABLE_OBJC_ARC = YES;
				CLANG_ENABLE_OBJC_WEAK = YES;
				CLANG_WARN_BLOCK_CAPTURE_AUTORELEASING = YES;
				CLANG_WARN_BOOL_CONVERSION = YES;
				CLANG_WARN_COMMA = YES;
				CLANG_WARN_CONSTANT_CONVERSION = YES;
				CLANG_WARN_DEPRECATED_OBJC_IMPLEMENTATIONS = YES;
				CLANG_WARN_DIRECT_OBJC_ISA_USAGE = YES_ERROR;
				CLANG_WARN_DOCUMENTATION_COMMENTS = YES;
				CLANG_WARN_EMPTY_BODY = YES;
				CLANG_WARN_ENUM_CONVERSION = YES;
				CLANG_WARN_INFINITE_RECURSION = YES;
				CLANG_WARN_INT_CONVERSION = YES;
				CLANG_WARN_NON_LITERAL_NULL_CONVERSION = YES;
				CLANG_WARN_OBJC_IMPLICIT_RETAIN_SELF = YES;
				CLANG_WARN_OBJC_LITERAL_CONVERSION = YES;
				CLANG_WARN_OBJC_ROOT_CLASS = YES_ERROR;
				CLANG_WARN_QUOTED_INCLUDE_IN_FRAMEWORK_HEADER = YES;
				CLANG_WARN_RANGE_LOOP_ANALYSIS = YES;
				CLANG_WARN_STRICT_PROTOTYPES = YES;
				CLANG_WARN_SUSPICIOUS_MOVE = YES;
				CLANG_WARN_UNGUARDED_AVAILABILITY = YES_AGGRESSIVE;
				CLANG_WARN_UNREACHABLE_CODE = YES;
				CLANG_WARN__DUPLICATE_METHOD_MATCH = YES;
				COPY_PHASE_STRIP = NO;
				DEBUG_INFORMATION_FORMAT = dwarf;
				ENABLE_STRICT_OBJC_MSGSEND = YES;
				ENABLE_TESTABILITY = YES;
				GCC_C_LANGUAGE_STANDARD = gnu11;
				GCC_DYNAMIC_NO_PIC = NO;
				GCC_NO_COMMON_BLOCKS = YES;
				GCC_OPTIMIZATION_LEVEL = 0;
				GCC_PREPROCESSOR_DEFINITIONS = (
					"DEBUG=1",
					"$(inherited)",
				);
				GCC_WARN_64_TO_32_BIT_CONVERSION = YES;
				GCC_WARN_ABOUT_RETURN_TYPE = YES_ERROR;
				GCC_WARN_UNDECLARED_SELECTOR = YES;
				GCC_WARN_UNINITIALIZED_AUTOS = YES_AGGRESSIVE;
				GCC_WARN_UNUSED_FUNCTION = YES;
				GCC_WARN_UNUSED_VARIABLE = YES;
				IPHONEOS_DEPLOYMENT_TARGET = 15.0;
				MTL_ENABLE_DEBUG_INFO = INCLUDE_SOURCE;
				MTL_FAST_MATH = YES;
				ONLY_ACTIVE_ARCH = YES;
				SDKROOT = iphoneos;
				SWIFT_ACTIVE_COMPILATION_CONDITIONS = DEBUG;
				SWIFT_OPTIMIZATION_LEVEL = "-Onone";
			};
			name = Debug;
		};
		A317B27C274E74CB00A69A2F /* Release */ = {
			isa = XCBuildConfiguration;
			buildSettings = {
				ALWAYS_SEARCH_USER_PATHS = NO;
				CLANG_ANALYZER_NONNULL = YES;
				CLANG_ANALYZER_NUMBER_OBJECT_CONVERSION = YES_AGGRESSIVE;
				CLANG_CXX_LANGUAGE_STANDARD = "gnu++17";
				CLANG_CXX_LIBRARY = "libc++";
				CLANG_ENABLE_MODULES = YES;
				CLANG_ENABLE_OBJC_ARC = YES;
				CLANG_ENABLE_OBJC_WEAK = YES;
				CLANG_WARN_BLOCK_CAPTURE_AUTORELEASING = YES;
				CLANG_WARN_BOOL_CONVERSION = YES;
				CLANG_WARN_COMMA = YES;
				CLANG_WARN_CONSTANT_CONVERSION = YES;
				CLANG_WARN_DEPRECATED_OBJC_IMPLEMENTATIONS = YES;
				CLANG_WARN_DIRECT_OBJC_ISA_USAGE = YES_ERROR;
				CLANG_WARN_DOCUMENTATION_COMMENTS = YES;
				CLANG_WARN_EMPTY_BODY = YES;
				CLANG_WARN_ENUM_CONVERSION = YES;
				CLANG_WARN_INFINITE_RECURSION = YES;
				CLANG_WARN_INT_CONVERSION = YES;
				CLANG_WARN_NON_LITERAL_NULL_CONVERSION = YES;
				CLANG_WARN_OBJC_IMPLICIT_RETAIN_SELF = YES;
				CLANG_WARN_OBJC_LITERAL_CONVERSION = YES;
				CLANG_WARN_OBJC_ROOT_CLASS = YES_ERROR;
				CLANG_WARN_QUOTED_INCLUDE_IN_FRAMEWORK_HEADER = YES;
				CLANG_WARN_RANGE_LOOP_ANALYSIS = YES;
				CLANG_WARN_STRICT_PROTOTYPES = YES;
				CLANG_WARN_SUSPICIOUS_MOVE = YES;
				CLANG_WARN_UNGUARDED_AVAILABILITY = YES_AGGRESSIVE;
				CLANG_WARN_UNREACHABLE_CODE = YES;
				CLANG_WARN__DUPLICATE_METHOD_MATCH = YES;
				COPY_PHASE_STRIP = NO;
				DEBUG_INFORMATION_FORMAT = "dwarf-with-dsym";
				ENABLE_NS_ASSERTIONS = NO;
				ENABLE_STRICT_OBJC_MSGSEND = YES;
				GCC_C_LANGUAGE_STANDARD = gnu11;
				GCC_NO_COMMON_BLOCKS = YES;
				GCC_WARN_64_TO_32_BIT_CONVERSION = YES;
				GCC_WARN_ABOUT_RETURN_TYPE = YES_ERROR;
				GCC_WARN_UNDECLARED_SELECTOR = YES;
				GCC_WARN_UNINITIALIZED_AUTOS = YES_AGGRESSIVE;
				GCC_WARN_UNUSED_FUNCTION = YES;
				GCC_WARN_UNUSED_VARIABLE = YES;
				IPHONEOS_DEPLOYMENT_TARGET = 15.0;
				MTL_ENABLE_DEBUG_INFO = NO;
				MTL_FAST_MATH = YES;
				SDKROOT = iphoneos;
				SWIFT_COMPILATION_MODE = wholemodule;
				SWIFT_OPTIMIZATION_LEVEL = "-O";
				VALIDATE_PRODUCT = YES;
			};
			name = Release;
		};
		A317B27E274E74CB00A69A2F /* Debug */ = {
			isa = XCBuildConfiguration;
			buildSettings = {
				ASSETCATALOG_COMPILER_APPICON_NAME = AppIcon;
				ASSETCATALOG_COMPILER_GLOBAL_ACCENT_COLOR_NAME = AccentColor;
				CODE_SIGN_STYLE = Automatic;
				CURRENT_PROJECT_VERSION = 1;
				GENERATE_INFOPLIST_FILE = YES;
				INFOPLIST_FILE = Digmon/Info.plist;
				INFOPLIST_KEY_UIApplicationSupportsIndirectInputEvents = YES;
				INFOPLIST_KEY_UILaunchStoryboardName = LaunchScreen;
				INFOPLIST_KEY_UIMainStoryboardFile = Main;
				INFOPLIST_KEY_UISupportedInterfaceOrientations_iPad = "UIInterfaceOrientationPortrait UIInterfaceOrientationPortraitUpsideDown UIInterfaceOrientationLandscapeLeft UIInterfaceOrientationLandscapeRight";
				INFOPLIST_KEY_UISupportedInterfaceOrientations_iPhone = "UIInterfaceOrientationPortrait UIInterfaceOrientationLandscapeLeft UIInterfaceOrientationLandscapeRight";
				LD_RUNPATH_SEARCH_PATHS = (
					"$(inherited)",
					"@executable_path/Frameworks",
				);
				MARKETING_VERSION = 1.0;
				PRODUCT_BUNDLE_IDENTIFIER = "musa-masmali.Digmon";
				PRODUCT_NAME = "$(TARGET_NAME)";
				SWIFT_EMIT_LOC_STRINGS = YES;
				SWIFT_VERSION = 5.0;
				TARGETED_DEVICE_FAMILY = "1,2";
			};
			name = Debug;
		};
		A317B27F274E74CB00A69A2F /* Release */ = {
			isa = XCBuildConfiguration;
			buildSettings = {
				ASSETCATALOG_COMPILER_APPICON_NAME = AppIcon;
				ASSETCATALOG_COMPILER_GLOBAL_ACCENT_COLOR_NAME = AccentColor;
				CODE_SIGN_STYLE = Automatic;
				CURRENT_PROJECT_VERSION = 1;
				GENERATE_INFOPLIST_FILE = YES;
				INFOPLIST_FILE = Digmon/Info.plist;
				INFOPLIST_KEY_UIApplicationSupportsIndirectInputEvents = YES;
				INFOPLIST_KEY_UILaunchStoryboardName = LaunchScreen;
				INFOPLIST_KEY_UIMainStoryboardFile = Main;
				INFOPLIST_KEY_UISupportedInterfaceOrientations_iPad = "UIInterfaceOrientationPortrait UIInterfaceOrientationPortraitUpsideDown UIInterfaceOrientationLandscapeLeft UIInterfaceOrientationLandscapeRight";
				INFOPLIST_KEY_UISupportedInterfaceOrientations_iPhone = "UIInterfaceOrientationPortrait UIInterfaceOrientationLandscapeLeft UIInterfaceOrientationLandscapeRight";
				LD_RUNPATH_SEARCH_PATHS = (
					"$(inherited)",
					"@executable_path/Frameworks",
				);
				MARKETING_VERSION = 1.0;
				PRODUCT_BUNDLE_IDENTIFIER = "musa-masmali.Digmon";
				PRODUCT_NAME = "$(TARGET_NAME)";
				SWIFT_EMIT_LOC_STRINGS = YES;
				SWIFT_VERSION = 5.0;
				TARGETED_DEVICE_FAMILY = "1,2";
			};
			name = Release;
		};
		A317B281274E74CB00A69A2F /* Debug */ = {
			isa = XCBuildConfiguration;
			buildSettings = {
				ALWAYS_EMBED_SWIFT_STANDARD_LIBRARIES = YES;
				BUNDLE_LOADER = "$(TEST_HOST)";
				CODE_SIGN_STYLE = Automatic;
				CURRENT_PROJECT_VERSION = 1;
				GENERATE_INFOPLIST_FILE = YES;
				IPHONEOS_DEPLOYMENT_TARGET = 15.0;
				LD_RUNPATH_SEARCH_PATHS = (
					"$(inherited)",
					"@executable_path/Frameworks",
					"@loader_path/Frameworks",
				);
				MARKETING_VERSION = 1.0;
				PRODUCT_BUNDLE_IDENTIFIER = "musa-masmali.DigmonTests";
				PRODUCT_NAME = "$(TARGET_NAME)";
				SWIFT_EMIT_LOC_STRINGS = NO;
				SWIFT_VERSION = 5.0;
				TARGETED_DEVICE_FAMILY = "1,2";
				TEST_HOST = "$(BUILT_PRODUCTS_DIR)/Digmon.app/Digmon";
			};
			name = Debug;
		};
		A317B282274E74CB00A69A2F /* Release */ = {
			isa = XCBuildConfiguration;
			buildSettings = {
				ALWAYS_EMBED_SWIFT_STANDARD_LIBRARIES = YES;
				BUNDLE_LOADER = "$(TEST_HOST)";
				CODE_SIGN_STYLE = Automatic;
				CURRENT_PROJECT_VERSION = 1;
				GENERATE_INFOPLIST_FILE = YES;
				IPHONEOS_DEPLOYMENT_TARGET = 15.0;
				LD_RUNPATH_SEARCH_PATHS = (
					"$(inherited)",
					"@executable_path/Frameworks",
					"@loader_path/Frameworks",
				);
				MARKETING_VERSION = 1.0;
				PRODUCT_BUNDLE_IDENTIFIER = "musa-masmali.DigmonTests";
				PRODUCT_NAME = "$(TARGET_NAME)";
				SWIFT_EMIT_LOC_STRINGS = NO;
				SWIFT_VERSION = 5.0;
				TARGETED_DEVICE_FAMILY = "1,2";
				TEST_HOST = "$(BUILT_PRODUCTS_DIR)/Digmon.app/Digmon";
			};
			name = Release;
		};
		A317B284274E74CB00A69A2F /* Debug */ = {
			isa = XCBuildConfiguration;
			buildSettings = {
				ALWAYS_EMBED_SWIFT_STANDARD_LIBRARIES = YES;
				CODE_SIGN_STYLE = Automatic;
				CURRENT_PROJECT_VERSION = 1;
				GENERATE_INFOPLIST_FILE = YES;
				LD_RUNPATH_SEARCH_PATHS = (
					"$(inherited)",
					"@executable_path/Frameworks",
					"@loader_path/Frameworks",
				);
				MARKETING_VERSION = 1.0;
				PRODUCT_BUNDLE_IDENTIFIER = "musa-masmali.DigmonUITests";
				PRODUCT_NAME = "$(TARGET_NAME)";
				SWIFT_EMIT_LOC_STRINGS = NO;
				SWIFT_VERSION = 5.0;
				TARGETED_DEVICE_FAMILY = "1,2";
				TEST_TARGET_NAME = Digmon;
			};
			name = Debug;
		};
		A317B285274E74CB00A69A2F /* Release */ = {
			isa = XCBuildConfiguration;
			buildSettings = {
				ALWAYS_EMBED_SWIFT_STANDARD_LIBRARIES = YES;
				CODE_SIGN_STYLE = Automatic;
				CURRENT_PROJECT_VERSION = 1;
				GENERATE_INFOPLIST_FILE = YES;
				LD_RUNPATH_SEARCH_PATHS = (
					"$(inherited)",
					"@executable_path/Frameworks",
					"@loader_path/Frameworks",
				);
				MARKETING_VERSION = 1.0;
				PRODUCT_BUNDLE_IDENTIFIER = "musa-masmali.DigmonUITests";
				PRODUCT_NAME = "$(TARGET_NAME)";
				SWIFT_EMIT_LOC_STRINGS = NO;
				SWIFT_VERSION = 5.0;
				TARGETED_DEVICE_FAMILY = "1,2";
				TEST_TARGET_NAME = Digmon;
			};
			name = Release;
		};
/* End XCBuildConfiguration section */

/* Begin XCConfigurationList section */
		A317B24E274E74C900A69A2F /* Build configuration list for PBXProject "Digmon" */ = {
			isa = XCConfigurationList;
			buildConfigurations = (
				A317B27B274E74CB00A69A2F /* Debug */,
				A317B27C274E74CB00A69A2F /* Release */,
			);
			defaultConfigurationIsVisible = 0;
			defaultConfigurationName = Release;
		};
		A317B27D274E74CB00A69A2F /* Build configuration list for PBXNativeTarget "Digmon" */ = {
			isa = XCConfigurationList;
			buildConfigurations = (
				A317B27E274E74CB00A69A2F /* Debug */,
				A317B27F274E74CB00A69A2F /* Release */,
			);
			defaultConfigurationIsVisible = 0;
			defaultConfigurationName = Release;
		};
		A317B280274E74CB00A69A2F /* Build configuration list for PBXNativeTarget "DigmonTests" */ = {
			isa = XCConfigurationList;
			buildConfigurations = (
				A317B281274E74CB00A69A2F /* Debug */,
				A317B282274E74CB00A69A2F /* Release */,
			);
			defaultConfigurationIsVisible = 0;
			defaultConfigurationName = Release;
		};
		A317B283274E74CB00A69A2F /* Build configuration list for PBXNativeTarget "DigmonUITests" */ = {
			isa = XCConfigurationList;
			buildConfigurations = (
				A317B284274E74CB00A69A2F /* Debug */,
				A317B285274E74CB00A69A2F /* Release */,
			);
			defaultConfigurationIsVisible = 0;
			defaultConfigurationName = Release;
		};
/* End XCConfigurationList section */
	};
	rootObject = A317B24B274E74C900A69A2F /* Project object */;
}
