// !$*UTF8*$!
{
	archiveVersion = 1;
	classes = {
	};
	objectVersion = 55;
	objects = {

/* Begin PBXBuildFile section */
		EAF218EA274FC548000788A7 /* AppDelegate.swift in Sources */ = {isa = PBXBuildFile; fileRef = EAF218E9274FC548000788A7 /* AppDelegate.swift */; };
		EAF218EC274FC548000788A7 /* SceneDelegate.swift in Sources */ = {isa = PBXBuildFile; fileRef = EAF218EB274FC548000788A7 /* SceneDelegate.swift */; };
		EAF218EE274FC548000788A7 /* ViewController.swift in Sources */ = {isa = PBXBuildFile; fileRef = EAF218ED274FC548000788A7 /* ViewController.swift */; };
		EAF218F1274FC548000788A7 /* Main.storyboard in Resources */ = {isa = PBXBuildFile; fileRef = EAF218EF274FC548000788A7 /* Main.storyboard */; };
		EAF218F3274FC549000788A7 /* Assets.xcassets in Resources */ = {isa = PBXBuildFile; fileRef = EAF218F2274FC549000788A7 /* Assets.xcassets */; };
		EAF218F6274FC549000788A7 /* LaunchScreen.storyboard in Resources */ = {isa = PBXBuildFile; fileRef = EAF218F4274FC549000788A7 /* LaunchScreen.storyboard */; };
		EAF21901274FC549000788A7 /* Dahma_DigimonTests.swift in Sources */ = {isa = PBXBuildFile; fileRef = EAF21900274FC549000788A7 /* Dahma_DigimonTests.swift */; };
		EAF2190B274FC549000788A7 /* Dahma_DigimonUITests.swift in Sources */ = {isa = PBXBuildFile; fileRef = EAF2190A274FC549000788A7 /* Dahma_DigimonUITests.swift */; };
		EAF2190D274FC549000788A7 /* Dahma_DigimonUITestsLaunchTests.swift in Sources */ = {isa = PBXBuildFile; fileRef = EAF2190C274FC549000788A7 /* Dahma_DigimonUITestsLaunchTests.swift */; };
		EAF2191B274FC5C1000788A7 /* Digimon.swift in Sources */ = {isa = PBXBuildFile; fileRef = EAF2191A274FC5C1000788A7 /* Digimon.swift */; };
		EAF2192227541C27000788A7 /* DigimonCell.swift in Sources */ = {isa = PBXBuildFile; fileRef = EAF2192127541C27000788A7 /* DigimonCell.swift */; };
/* End PBXBuildFile section */

/* Begin PBXContainerItemProxy section */
		EAF218FD274FC549000788A7 /* PBXContainerItemProxy */ = {
			isa = PBXContainerItemProxy;
			containerPortal = EAF218DE274FC548000788A7 /* Project object */;
			proxyType = 1;
			remoteGlobalIDString = EAF218E5274FC548000788A7;
			remoteInfo = Dahma_Digimon;
		};
		EAF21907274FC549000788A7 /* PBXContainerItemProxy */ = {
			isa = PBXContainerItemProxy;
			containerPortal = EAF218DE274FC548000788A7 /* Project object */;
			proxyType = 1;
			remoteGlobalIDString = EAF218E5274FC548000788A7;
			remoteInfo = Dahma_Digimon;
		};
/* End PBXContainerItemProxy section */

/* Begin PBXFileReference section */
		EAF218E6274FC548000788A7 /* Dahma_Digimon.app */ = {isa = PBXFileReference; explicitFileType = wrapper.application; includeInIndex = 0; path = Dahma_Digimon.app; sourceTree = BUILT_PRODUCTS_DIR; };
		EAF218E9274FC548000788A7 /* AppDelegate.swift */ = {isa = PBXFileReference; lastKnownFileType = sourcecode.swift; path = AppDelegate.swift; sourceTree = "<group>"; };
		EAF218EB274FC548000788A7 /* SceneDelegate.swift */ = {isa = PBXFileReference; lastKnownFileType = sourcecode.swift; path = SceneDelegate.swift; sourceTree = "<group>"; };
		EAF218ED274FC548000788A7 /* ViewController.swift */ = {isa = PBXFileReference; lastKnownFileType = sourcecode.swift; path = ViewController.swift; sourceTree = "<group>"; };
		EAF218F0274FC548000788A7 /* Base */ = {isa = PBXFileReference; lastKnownFileType = file.storyboard; name = Base; path = Base.lproj/Main.storyboard; sourceTree = "<group>"; };
		EAF218F2274FC549000788A7 /* Assets.xcassets */ = {isa = PBXFileReference; lastKnownFileType = folder.assetcatalog; path = Assets.xcassets; sourceTree = "<group>"; };
		EAF218F5274FC549000788A7 /* Base */ = {isa = PBXFileReference; lastKnownFileType = file.storyboard; name = Base; path = Base.lproj/LaunchScreen.storyboard; sourceTree = "<group>"; };
		EAF218F7274FC549000788A7 /* Info.plist */ = {isa = PBXFileReference; lastKnownFileType = text.plist.xml; path = Info.plist; sourceTree = "<group>"; };
		EAF218FC274FC549000788A7 /* Dahma_DigimonTests.xctest */ = {isa = PBXFileReference; explicitFileType = wrapper.cfbundle; includeInIndex = 0; path = Dahma_DigimonTests.xctest; sourceTree = BUILT_PRODUCTS_DIR; };
		EAF21900274FC549000788A7 /* Dahma_DigimonTests.swift */ = {isa = PBXFileReference; lastKnownFileType = sourcecode.swift; path = Dahma_DigimonTests.swift; sourceTree = "<group>"; };
		EAF21906274FC549000788A7 /* Dahma_DigimonUITests.xctest */ = {isa = PBXFileReference; explicitFileType = wrapper.cfbundle; includeInIndex = 0; path = Dahma_DigimonUITests.xctest; sourceTree = BUILT_PRODUCTS_DIR; };
		EAF2190A274FC549000788A7 /* Dahma_DigimonUITests.swift */ = {isa = PBXFileReference; lastKnownFileType = sourcecode.swift; path = Dahma_DigimonUITests.swift; sourceTree = "<group>"; };
		EAF2190C274FC549000788A7 /* Dahma_DigimonUITestsLaunchTests.swift */ = {isa = PBXFileReference; lastKnownFileType = sourcecode.swift; path = Dahma_DigimonUITestsLaunchTests.swift; sourceTree = "<group>"; };
		EAF2191A274FC5C1000788A7 /* Digimon.swift */ = {isa = PBXFileReference; lastKnownFileType = sourcecode.swift; path = Digimon.swift; sourceTree = "<group>"; };
		EAF2192127541C27000788A7 /* DigimonCell.swift */ = {isa = PBXFileReference; lastKnownFileType = sourcecode.swift; path = DigimonCell.swift; sourceTree = "<group>"; };
/* End PBXFileReference section */

/* Begin PBXFrameworksBuildPhase section */
		EAF218E3274FC548000788A7 /* Frameworks */ = {
			isa = PBXFrameworksBuildPhase;
			buildActionMask = 2147483647;
			files = (
			);
			runOnlyForDeploymentPostprocessing = 0;
		};
		EAF218F9274FC549000788A7 /* Frameworks */ = {
			isa = PBXFrameworksBuildPhase;
			buildActionMask = 2147483647;
			files = (
			);
			runOnlyForDeploymentPostprocessing = 0;
		};
		EAF21903274FC549000788A7 /* Frameworks */ = {
			isa = PBXFrameworksBuildPhase;
			buildActionMask = 2147483647;
			files = (
			);
			runOnlyForDeploymentPostprocessing = 0;
		};
/* End PBXFrameworksBuildPhase section */

/* Begin PBXGroup section */
		EAF218DD274FC548000788A7 = {
			isa = PBXGroup;
			children = (
				EAF218E8274FC548000788A7 /* Dahma_Digimon */,
				EAF218FF274FC549000788A7 /* Dahma_DigimonTests */,
				EAF21909274FC549000788A7 /* Dahma_DigimonUITests */,
				EAF218E7274FC548000788A7 /* Products */,
			);
			sourceTree = "<group>";
		};
		EAF218E7274FC548000788A7 /* Products */ = {
			isa = PBXGroup;
			children = (
				EAF218E6274FC548000788A7 /* Dahma_Digimon.app */,
				EAF218FC274FC549000788A7 /* Dahma_DigimonTests.xctest */,
				EAF21906274FC549000788A7 /* Dahma_DigimonUITests.xctest */,
			);
			name = Products;
			sourceTree = "<group>";
		};
		EAF218E8274FC548000788A7 /* Dahma_Digimon */ = {
			isa = PBXGroup;
			children = (
				EAF218E9274FC548000788A7 /* AppDelegate.swift */,
				EAF218EB274FC548000788A7 /* SceneDelegate.swift */,
				EAF218ED274FC548000788A7 /* ViewController.swift */,
				EAF21919274FC5A0000788A7 /* Model */,
				EAF218EF274FC548000788A7 /* Main.storyboard */,
				EAF218F2274FC549000788A7 /* Assets.xcassets */,
				EAF218F4274FC549000788A7 /* LaunchScreen.storyboard */,
				EAF218F7274FC549000788A7 /* Info.plist */,
			);
			path = Dahma_Digimon;
			sourceTree = "<group>";
		};
		EAF218FF274FC549000788A7 /* Dahma_DigimonTests */ = {
			isa = PBXGroup;
			children = (
				EAF21900274FC549000788A7 /* Dahma_DigimonTests.swift */,
			);
			path = Dahma_DigimonTests;
			sourceTree = "<group>";
		};
		EAF21909274FC549000788A7 /* Dahma_DigimonUITests */ = {
			isa = PBXGroup;
			children = (
				EAF2190A274FC549000788A7 /* Dahma_DigimonUITests.swift */,
				EAF2190C274FC549000788A7 /* Dahma_DigimonUITestsLaunchTests.swift */,
			);
			path = Dahma_DigimonUITests;
			sourceTree = "<group>";
		};
		EAF21919274FC5A0000788A7 /* Model */ = {
			isa = PBXGroup;
			children = (
				EAF2191A274FC5C1000788A7 /* Digimon.swift */,
				EAF2192127541C27000788A7 /* DigimonCell.swift */,
			);
			path = Model;
			sourceTree = "<group>";
		};
/* End PBXGroup section */

/* Begin PBXNativeTarget section */
		EAF218E5274FC548000788A7 /* Dahma_Digimon */ = {
			isa = PBXNativeTarget;
			buildConfigurationList = EAF21910274FC549000788A7 /* Build configuration list for PBXNativeTarget "Dahma_Digimon" */;
			buildPhases = (
				EAF218E2274FC548000788A7 /* Sources */,
				EAF218E3274FC548000788A7 /* Frameworks */,
				EAF218E4274FC548000788A7 /* Resources */,
			);
			buildRules = (
			);
			dependencies = (
			);
			name = Dahma_Digimon;
			productName = Dahma_Digimon;
			productReference = EAF218E6274FC548000788A7 /* Dahma_Digimon.app */;
			productType = "com.apple.product-type.application";
		};
		EAF218FB274FC549000788A7 /* Dahma_DigimonTests */ = {
			isa = PBXNativeTarget;
			buildConfigurationList = EAF21913274FC549000788A7 /* Build configuration list for PBXNativeTarget "Dahma_DigimonTests" */;
			buildPhases = (
				EAF218F8274FC549000788A7 /* Sources */,
				EAF218F9274FC549000788A7 /* Frameworks */,
				EAF218FA274FC549000788A7 /* Resources */,
			);
			buildRules = (
			);
			dependencies = (
				EAF218FE274FC549000788A7 /* PBXTargetDependency */,
			);
			name = Dahma_DigimonTests;
			productName = Dahma_DigimonTests;
			productReference = EAF218FC274FC549000788A7 /* Dahma_DigimonTests.xctest */;
			productType = "com.apple.product-type.bundle.unit-test";
		};
		EAF21905274FC549000788A7 /* Dahma_DigimonUITests */ = {
			isa = PBXNativeTarget;
			buildConfigurationList = EAF21916274FC549000788A7 /* Build configuration list for PBXNativeTarget "Dahma_DigimonUITests" */;
			buildPhases = (
				EAF21902274FC549000788A7 /* Sources */,
				EAF21903274FC549000788A7 /* Frameworks */,
				EAF21904274FC549000788A7 /* Resources */,
			);
			buildRules = (
			);
			dependencies = (
				EAF21908274FC549000788A7 /* PBXTargetDependency */,
			);
			name = Dahma_DigimonUITests;
			productName = Dahma_DigimonUITests;
			productReference = EAF21906274FC549000788A7 /* Dahma_DigimonUITests.xctest */;
			productType = "com.apple.product-type.bundle.ui-testing";
		};
/* End PBXNativeTarget section */

/* Begin PBXProject section */
		EAF218DE274FC548000788A7 /* Project object */ = {
			isa = PBXProject;
			attributes = {
				BuildIndependentTargetsInParallel = 1;
				LastSwiftUpdateCheck = 1300;
				LastUpgradeCheck = 1300;
				TargetAttributes = {
					EAF218E5274FC548000788A7 = {
						CreatedOnToolsVersion = 13.0;
					};
					EAF218FB274FC549000788A7 = {
						CreatedOnToolsVersion = 13.0;
						TestTargetID = EAF218E5274FC548000788A7;
					};
					EAF21905274FC549000788A7 = {
						CreatedOnToolsVersion = 13.0;
						TestTargetID = EAF218E5274FC548000788A7;
					};
				};
			};
			buildConfigurationList = EAF218E1274FC548000788A7 /* Build configuration list for PBXProject "Dahma_Digimon" */;
			compatibilityVersion = "Xcode 13.0";
			developmentRegion = en;
			hasScannedForEncodings = 0;
			knownRegions = (
				en,
				Base,
			);
			mainGroup = EAF218DD274FC548000788A7;
			productRefGroup = EAF218E7274FC548000788A7 /* Products */;
			projectDirPath = "";
			projectRoot = "";
			targets = (
				EAF218E5274FC548000788A7 /* Dahma_Digimon */,
				EAF218FB274FC549000788A7 /* Dahma_DigimonTests */,
				EAF21905274FC549000788A7 /* Dahma_DigimonUITests */,
			);
		};
/* End PBXProject section */

/* Begin PBXResourcesBuildPhase section */
		EAF218E4274FC548000788A7 /* Resources */ = {
			isa = PBXResourcesBuildPhase;
			buildActionMask = 2147483647;
			files = (
				EAF218F6274FC549000788A7 /* LaunchScreen.storyboard in Resources */,
				EAF218F3274FC549000788A7 /* Assets.xcassets in Resources */,
				EAF218F1274FC548000788A7 /* Main.storyboard in Resources */,
			);
			runOnlyForDeploymentPostprocessing = 0;
		};
		EAF218FA274FC549000788A7 /* Resources */ = {
			isa = PBXResourcesBuildPhase;
			buildActionMask = 2147483647;
			files = (
			);
			runOnlyForDeploymentPostprocessing = 0;
		};
		EAF21904274FC549000788A7 /* Resources */ = {
			isa = PBXResourcesBuildPhase;
			buildActionMask = 2147483647;
			files = (
			);
			runOnlyForDeploymentPostprocessing = 0;
		};
/* End PBXResourcesBuildPhase section */

/* Begin PBXSourcesBuildPhase section */
		EAF218E2274FC548000788A7 /* Sources */ = {
			isa = PBXSourcesBuildPhase;
			buildActionMask = 2147483647;
			files = (
				EAF218EE274FC548000788A7 /* ViewController.swift in Sources */,
				EAF218EA274FC548000788A7 /* AppDelegate.swift in Sources */,
				EAF218EC274FC548000788A7 /* SceneDelegate.swift in Sources */,
				EAF2192227541C27000788A7 /* DigimonCell.swift in Sources */,
				EAF2191B274FC5C1000788A7 /* Digimon.swift in Sources */,
			);
			runOnlyForDeploymentPostprocessing = 0;
		};
		EAF218F8274FC549000788A7 /* Sources */ = {
			isa = PBXSourcesBuildPhase;
			buildActionMask = 2147483647;
			files = (
				EAF21901274FC549000788A7 /* Dahma_DigimonTests.swift in Sources */,
			);
			runOnlyForDeploymentPostprocessing = 0;
		};
		EAF21902274FC549000788A7 /* Sources */ = {
			isa = PBXSourcesBuildPhase;
			buildActionMask = 2147483647;
			files = (
				EAF2190D274FC549000788A7 /* Dahma_DigimonUITestsLaunchTests.swift in Sources */,
				EAF2190B274FC549000788A7 /* Dahma_DigimonUITests.swift in Sources */,
			);
			runOnlyForDeploymentPostprocessing = 0;
		};
/* End PBXSourcesBuildPhase section */

/* Begin PBXTargetDependency section */
		EAF218FE274FC549000788A7 /* PBXTargetDependency */ = {
			isa = PBXTargetDependency;
			target = EAF218E5274FC548000788A7 /* Dahma_Digimon */;
			targetProxy = EAF218FD274FC549000788A7 /* PBXContainerItemProxy */;
		};
		EAF21908274FC549000788A7 /* PBXTargetDependency */ = {
			isa = PBXTargetDependency;
			target = EAF218E5274FC548000788A7 /* Dahma_Digimon */;
			targetProxy = EAF21907274FC549000788A7 /* PBXContainerItemProxy */;
		};
/* End PBXTargetDependency section */

/* Begin PBXVariantGroup section */
		EAF218EF274FC548000788A7 /* Main.storyboard */ = {
			isa = PBXVariantGroup;
			children = (
				EAF218F0274FC548000788A7 /* Base */,
			);
			name = Main.storyboard;
			sourceTree = "<group>";
		};
		EAF218F4274FC549000788A7 /* LaunchScreen.storyboard */ = {
			isa = PBXVariantGroup;
			children = (
				EAF218F5274FC549000788A7 /* Base */,
			);
			name = LaunchScreen.storyboard;
			sourceTree = "<group>";
		};
/* End PBXVariantGroup section */

/* Begin XCBuildConfiguration section */
		EAF2190E274FC549000788A7 /* Debug */ = {
			isa = XCBuildConfiguration;
			buildSettings = {
				ALWAYS_SEARCH_USER_PATHS = NO;
				CLANG_ANALYZER_NONNULL = YES;
				CLANG_ANALYZER_NUMBER_OBJECT_CONVERSION = YES_AGGRESSIVE;
				CLANG_CXX_LANGUAGE_STANDARD = "gnu++17";
				CLANG_CXX_LIBRARY = "libc++";
				CLANG_ENABLE_MODULES = YES;
				CLANG_ENABLE_OBJC_ARC = YES;
				CLANG_ENABLE_OBJC_WEAK = YES;
				CLANG_WARN_BLOCK_CAPTURE_AUTORELEASING = YES;
				CLANG_WARN_BOOL_CONVERSION = YES;
				CLANG_WARN_COMMA = YES;
				CLANG_WARN_CONSTANT_CONVERSION = YES;
				CLANG_WARN_DEPRECATED_OBJC_IMPLEMENTATIONS = YES;
				CLANG_WARN_DIRECT_OBJC_ISA_USAGE = YES_ERROR;
				CLANG_WARN_DOCUMENTATION_COMMENTS = YES;
				CLANG_WARN_EMPTY_BODY = YES;
				CLANG_WARN_ENUM_CONVERSION = YES;
				CLANG_WARN_INFINITE_RECURSION = YES;
				CLANG_WARN_INT_CONVERSION = YES;
				CLANG_WARN_NON_LITERAL_NULL_CONVERSION = YES;
				CLANG_WARN_OBJC_IMPLICIT_RETAIN_SELF = YES;
				CLANG_WARN_OBJC_LITERAL_CONVERSION = YES;
				CLANG_WARN_OBJC_ROOT_CLASS = YES_ERROR;
				CLANG_WARN_QUOTED_INCLUDE_IN_FRAMEWORK_HEADER = YES;
				CLANG_WARN_RANGE_LOOP_ANALYSIS = YES;
				CLANG_WARN_STRICT_PROTOTYPES = YES;
				CLANG_WARN_SUSPICIOUS_MOVE = YES;
				CLANG_WARN_UNGUARDED_AVAILABILITY = YES_AGGRESSIVE;
				CLANG_WARN_UNREACHABLE_CODE = YES;
				CLANG_WARN__DUPLICATE_METHOD_MATCH = YES;
				COPY_PHASE_STRIP = NO;
				DEBUG_INFORMATION_FORMAT = dwarf;
				ENABLE_STRICT_OBJC_MSGSEND = YES;
				ENABLE_TESTABILITY = YES;
				GCC_C_LANGUAGE_STANDARD = gnu11;
				GCC_DYNAMIC_NO_PIC = NO;
				GCC_NO_COMMON_BLOCKS = YES;
				GCC_OPTIMIZATION_LEVEL = 0;
				GCC_PREPROCESSOR_DEFINITIONS = (
					"DEBUG=1",
					"$(inherited)",
				);
				GCC_WARN_64_TO_32_BIT_CONVERSION = YES;
				GCC_WARN_ABOUT_RETURN_TYPE = YES_ERROR;
				GCC_WARN_UNDECLARED_SELECTOR = YES;
				GCC_WARN_UNINITIALIZED_AUTOS = YES_AGGRESSIVE;
				GCC_WARN_UNUSED_FUNCTION = YES;
				GCC_WARN_UNUSED_VARIABLE = YES;
				IPHONEOS_DEPLOYMENT_TARGET = 15.0;
				MTL_ENABLE_DEBUG_INFO = INCLUDE_SOURCE;
				MTL_FAST_MATH = YES;
				ONLY_ACTIVE_ARCH = YES;
				SDKROOT = iphoneos;
				SWIFT_ACTIVE_COMPILATION_CONDITIONS = DEBUG;
				SWIFT_OPTIMIZATION_LEVEL = "-Onone";
			};
			name = Debug;
		};
		EAF2190F274FC549000788A7 /* Release */ = {
			isa = XCBuildConfiguration;
			buildSettings = {
				ALWAYS_SEARCH_USER_PATHS = NO;
				CLANG_ANALYZER_NONNULL = YES;
				CLANG_ANALYZER_NUMBER_OBJECT_CONVERSION = YES_AGGRESSIVE;
				CLANG_CXX_LANGUAGE_STANDARD = "gnu++17";
				CLANG_CXX_LIBRARY = "libc++";
				CLANG_ENABLE_MODULES = YES;
				CLANG_ENABLE_OBJC_ARC = YES;
				CLANG_ENABLE_OBJC_WEAK = YES;
				CLANG_WARN_BLOCK_CAPTURE_AUTORELEASING = YES;
				CLANG_WARN_BOOL_CONVERSION = YES;
				CLANG_WARN_COMMA = YES;
				CLANG_WARN_CONSTANT_CONVERSION = YES;
				CLANG_WARN_DEPRECATED_OBJC_IMPLEMENTATIONS = YES;
				CLANG_WARN_DIRECT_OBJC_ISA_USAGE = YES_ERROR;
				CLANG_WARN_DOCUMENTATION_COMMENTS = YES;
				CLANG_WARN_EMPTY_BODY = YES;
				CLANG_WARN_ENUM_CONVERSION = YES;
				CLANG_WARN_INFINITE_RECURSION = YES;
				CLANG_WARN_INT_CONVERSION = YES;
				CLANG_WARN_NON_LITERAL_NULL_CONVERSION = YES;
				CLANG_WARN_OBJC_IMPLICIT_RETAIN_SELF = YES;
				CLANG_WARN_OBJC_LITERAL_CONVERSION = YES;
				CLANG_WARN_OBJC_ROOT_CLASS = YES_ERROR;
				CLANG_WARN_QUOTED_INCLUDE_IN_FRAMEWORK_HEADER = YES;
				CLANG_WARN_RANGE_LOOP_ANALYSIS = YES;
				CLANG_WARN_STRICT_PROTOTYPES = YES;
				CLANG_WARN_SUSPICIOUS_MOVE = YES;
				CLANG_WARN_UNGUARDED_AVAILABILITY = YES_AGGRESSIVE;
				CLANG_WARN_UNREACHABLE_CODE = YES;
				CLANG_WARN__DUPLICATE_METHOD_MATCH = YES;
				COPY_PHASE_STRIP = NO;
				DEBUG_INFORMATION_FORMAT = "dwarf-with-dsym";
				ENABLE_NS_ASSERTIONS = NO;
				ENABLE_STRICT_OBJC_MSGSEND = YES;
				GCC_C_LANGUAGE_STANDARD = gnu11;
				GCC_NO_COMMON_BLOCKS = YES;
				GCC_WARN_64_TO_32_BIT_CONVERSION = YES;
				GCC_WARN_ABOUT_RETURN_TYPE = YES_ERROR;
				GCC_WARN_UNDECLARED_SELECTOR = YES;
				GCC_WARN_UNINITIALIZED_AUTOS = YES_AGGRESSIVE;
				GCC_WARN_UNUSED_FUNCTION = YES;
				GCC_WARN_UNUSED_VARIABLE = YES;
				IPHONEOS_DEPLOYMENT_TARGET = 15.0;
				MTL_ENABLE_DEBUG_INFO = NO;
				MTL_FAST_MATH = YES;
				SDKROOT = iphoneos;
				SWIFT_COMPILATION_MODE = wholemodule;
				SWIFT_OPTIMIZATION_LEVEL = "-O";
				VALIDATE_PRODUCT = YES;
			};
			name = Release;
		};
		EAF21911274FC549000788A7 /* Debug */ = {
			isa = XCBuildConfiguration;
			buildSettings = {
				ASSETCATALOG_COMPILER_APPICON_NAME = AppIcon;
				ASSETCATALOG_COMPILER_GLOBAL_ACCENT_COLOR_NAME = AccentColor;
				CODE_SIGN_STYLE = Automatic;
				CURRENT_PROJECT_VERSION = 1;
				GENERATE_INFOPLIST_FILE = YES;
				INFOPLIST_FILE = Dahma_Digimon/Info.plist;
				INFOPLIST_KEY_UIApplicationSupportsIndirectInputEvents = YES;
				INFOPLIST_KEY_UILaunchStoryboardName = LaunchScreen;
				INFOPLIST_KEY_UIMainStoryboardFile = Main;
				INFOPLIST_KEY_UISupportedInterfaceOrientations_iPad = "UIInterfaceOrientationPortrait UIInterfaceOrientationPortraitUpsideDown UIInterfaceOrientationLandscapeLeft UIInterfaceOrientationLandscapeRight";
				INFOPLIST_KEY_UISupportedInterfaceOrientations_iPhone = "UIInterfaceOrientationPortrait UIInterfaceOrientationLandscapeLeft UIInterfaceOrientationLandscapeRight";
				LD_RUNPATH_SEARCH_PATHS = (
					"$(inherited)",
					"@executable_path/Frameworks",
				);
				MARKETING_VERSION = 1.0;
				PRODUCT_BUNDLE_IDENTIFIER = "tuwaiqAcademy.Dahma-Digimon";
				PRODUCT_NAME = "$(TARGET_NAME)";
				SWIFT_EMIT_LOC_STRINGS = YES;
				SWIFT_VERSION = 5.0;
				TARGETED_DEVICE_FAMILY = "1,2";
			};
			name = Debug;
		};
		EAF21912274FC549000788A7 /* Release */ = {
			isa = XCBuildConfiguration;
			buildSettings = {
				ASSETCATALOG_COMPILER_APPICON_NAME = AppIcon;
				ASSETCATALOG_COMPILER_GLOBAL_ACCENT_COLOR_NAME = AccentColor;
				CODE_SIGN_STYLE = Automatic;
				CURRENT_PROJECT_VERSION = 1;
				GENERATE_INFOPLIST_FILE = YES;
				INFOPLIST_FILE = Dahma_Digimon/Info.plist;
				INFOPLIST_KEY_UIApplicationSupportsIndirectInputEvents = YES;
				INFOPLIST_KEY_UILaunchStoryboardName = LaunchScreen;
				INFOPLIST_KEY_UIMainStoryboardFile = Main;
				INFOPLIST_KEY_UISupportedInterfaceOrientations_iPad = "UIInterfaceOrientationPortrait UIInterfaceOrientationPortraitUpsideDown UIInterfaceOrientationLandscapeLeft UIInterfaceOrientationLandscapeRight";
				INFOPLIST_KEY_UISupportedInterfaceOrientations_iPhone = "UIInterfaceOrientationPortrait UIInterfaceOrientationLandscapeLeft UIInterfaceOrientationLandscapeRight";
				LD_RUNPATH_SEARCH_PATHS = (
					"$(inherited)",
					"@executable_path/Frameworks",
				);
				MARKETING_VERSION = 1.0;
				PRODUCT_BUNDLE_IDENTIFIER = "tuwaiqAcademy.Dahma-Digimon";
				PRODUCT_NAME = "$(TARGET_NAME)";
				SWIFT_EMIT_LOC_STRINGS = YES;
				SWIFT_VERSION = 5.0;
				TARGETED_DEVICE_FAMILY = "1,2";
			};
			name = Release;
		};
		EAF21914274FC549000788A7 /* Debug */ = {
			isa = XCBuildConfiguration;
			buildSettings = {
				ALWAYS_EMBED_SWIFT_STANDARD_LIBRARIES = YES;
				BUNDLE_LOADER = "$(TEST_HOST)";
				CODE_SIGN_STYLE = Automatic;
				CURRENT_PROJECT_VERSION = 1;
				GENERATE_INFOPLIST_FILE = YES;
				IPHONEOS_DEPLOYMENT_TARGET = 15.0;
				LD_RUNPATH_SEARCH_PATHS = (
					"$(inherited)",
					"@executable_path/Frameworks",
					"@loader_path/Frameworks",
				);
				MARKETING_VERSION = 1.0;
				PRODUCT_BUNDLE_IDENTIFIER = "tuwaiqAcademy.Dahma-DigimonTests";
				PRODUCT_NAME = "$(TARGET_NAME)";
				SWIFT_EMIT_LOC_STRINGS = NO;
				SWIFT_VERSION = 5.0;
				TARGETED_DEVICE_FAMILY = "1,2";
				TEST_HOST = "$(BUILT_PRODUCTS_DIR)/Dahma_Digimon.app/Dahma_Digimon";
			};
			name = Debug;
		};
		EAF21915274FC549000788A7 /* Release */ = {
			isa = XCBuildConfiguration;
			buildSettings = {
				ALWAYS_EMBED_SWIFT_STANDARD_LIBRARIES = YES;
				BUNDLE_LOADER = "$(TEST_HOST)";
				CODE_SIGN_STYLE = Automatic;
				CURRENT_PROJECT_VERSION = 1;
				GENERATE_INFOPLIST_FILE = YES;
				IPHONEOS_DEPLOYMENT_TARGET = 15.0;
				LD_RUNPATH_SEARCH_PATHS = (
					"$(inherited)",
					"@executable_path/Frameworks",
					"@loader_path/Frameworks",
				);
				MARKETING_VERSION = 1.0;
				PRODUCT_BUNDLE_IDENTIFIER = "tuwaiqAcademy.Dahma-DigimonTests";
				PRODUCT_NAME = "$(TARGET_NAME)";
				SWIFT_EMIT_LOC_STRINGS = NO;
				SWIFT_VERSION = 5.0;
				TARGETED_DEVICE_FAMILY = "1,2";
				TEST_HOST = "$(BUILT_PRODUCTS_DIR)/Dahma_Digimon.app/Dahma_Digimon";
			};
			name = Release;
		};
		EAF21917274FC549000788A7 /* Debug */ = {
			isa = XCBuildConfiguration;
			buildSettings = {
				ALWAYS_EMBED_SWIFT_STANDARD_LIBRARIES = YES;
				CODE_SIGN_STYLE = Automatic;
				CURRENT_PROJECT_VERSION = 1;
				GENERATE_INFOPLIST_FILE = YES;
				LD_RUNPATH_SEARCH_PATHS = (
					"$(inherited)",
					"@executable_path/Frameworks",
					"@loader_path/Frameworks",
				);
				MARKETING_VERSION = 1.0;
				PRODUCT_BUNDLE_IDENTIFIER = "tuwaiqAcademy.Dahma-DigimonUITests";
				PRODUCT_NAME = "$(TARGET_NAME)";
				SWIFT_EMIT_LOC_STRINGS = NO;
				SWIFT_VERSION = 5.0;
				TARGETED_DEVICE_FAMILY = "1,2";
				TEST_TARGET_NAME = Dahma_Digimon;
			};
			name = Debug;
		};
		EAF21918274FC549000788A7 /* Release */ = {
			isa = XCBuildConfiguration;
			buildSettings = {
				ALWAYS_EMBED_SWIFT_STANDARD_LIBRARIES = YES;
				CODE_SIGN_STYLE = Automatic;
				CURRENT_PROJECT_VERSION = 1;
				GENERATE_INFOPLIST_FILE = YES;
				LD_RUNPATH_SEARCH_PATHS = (
					"$(inherited)",
					"@executable_path/Frameworks",
					"@loader_path/Frameworks",
				);
				MARKETING_VERSION = 1.0;
				PRODUCT_BUNDLE_IDENTIFIER = "tuwaiqAcademy.Dahma-DigimonUITests";
				PRODUCT_NAME = "$(TARGET_NAME)";
				SWIFT_EMIT_LOC_STRINGS = NO;
				SWIFT_VERSION = 5.0;
				TARGETED_DEVICE_FAMILY = "1,2";
				TEST_TARGET_NAME = Dahma_Digimon;
			};
			name = Release;
		};
/* End XCBuildConfiguration section */

/* Begin XCConfigurationList section */
		EAF218E1274FC548000788A7 /* Build configuration list for PBXProject "Dahma_Digimon" */ = {
			isa = XCConfigurationList;
			buildConfigurations = (
				EAF2190E274FC549000788A7 /* Debug */,
				EAF2190F274FC549000788A7 /* Release */,
			);
			defaultConfigurationIsVisible = 0;
			defaultConfigurationName = Release;
		};
		EAF21910274FC549000788A7 /* Build configuration list for PBXNativeTarget "Dahma_Digimon" */ = {
			isa = XCConfigurationList;
			buildConfigurations = (
				EAF21911274FC549000788A7 /* Debug */,
				EAF21912274FC549000788A7 /* Release */,
			);
			defaultConfigurationIsVisible = 0;
			defaultConfigurationName = Release;
		};
		EAF21913274FC549000788A7 /* Build configuration list for PBXNativeTarget "Dahma_DigimonTests" */ = {
			isa = XCConfigurationList;
			buildConfigurations = (
				EAF21914274FC549000788A7 /* Debug */,
				EAF21915274FC549000788A7 /* Release */,
			);
			defaultConfigurationIsVisible = 0;
			defaultConfigurationName = Release;
		};
		EAF21916274FC549000788A7 /* Build configuration list for PBXNativeTarget "Dahma_DigimonUITests" */ = {
			isa = XCConfigurationList;
			buildConfigurations = (
				EAF21917274FC549000788A7 /* Debug */,
				EAF21918274FC549000788A7 /* Release */,
			);
			defaultConfigurationIsVisible = 0;
			defaultConfigurationName = Release;
		};
/* End XCConfigurationList section */
	};
	rootObject = EAF218DE274FC548000788A7 /* Project object */;
}
