// !$*UTF8*$!
{
	archiveVersion = 1;
	classes = {
	};
	objectVersion = 55;
	objects = {

/* Begin PBXBuildFile section */
		951049D4274E757E00A3102E /* AppDelegate.swift in Sources */ = {isa = PBXBuildFile; fileRef = 951049D3274E757E00A3102E /* AppDelegate.swift */; };
		951049D6274E757E00A3102E /* SceneDelegate.swift in Sources */ = {isa = PBXBuildFile; fileRef = 951049D5274E757E00A3102E /* SceneDelegate.swift */; };
		951049D8274E757E00A3102E /* ViewController.swift in Sources */ = {isa = PBXBuildFile; fileRef = 951049D7274E757E00A3102E /* ViewController.swift */; };
		951049DB274E757E00A3102E /* Main.storyboard in Resources */ = {isa = PBXBuildFile; fileRef = 951049D9274E757E00A3102E /* Main.storyboard */; };
		951049DD274E757E00A3102E /* Assets.xcassets in Resources */ = {isa = PBXBuildFile; fileRef = 951049DC274E757E00A3102E /* Assets.xcassets */; };
		951049E0274E757E00A3102E /* LaunchScreen.storyboard in Resources */ = {isa = PBXBuildFile; fileRef = 951049DE274E757E00A3102E /* LaunchScreen.storyboard */; };
		951049EB274E757F00A3102E /* JawaherAbuLahsah_NetWorkingTests.swift in Sources */ = {isa = PBXBuildFile; fileRef = 951049EA274E757F00A3102E /* JawaherAbuLahsah_NetWorkingTests.swift */; };
		951049F5274E757F00A3102E /* JawaherAbuLahsah_NetWorkingUITests.swift in Sources */ = {isa = PBXBuildFile; fileRef = 951049F4274E757F00A3102E /* JawaherAbuLahsah_NetWorkingUITests.swift */; };
		951049F7274E757F00A3102E /* JawaherAbuLahsah_NetWorkingUITestsLaunchTests.swift in Sources */ = {isa = PBXBuildFile; fileRef = 951049F6274E757F00A3102E /* JawaherAbuLahsah_NetWorkingUITestsLaunchTests.swift */; };
		95104A04274E8DF100A3102E /* DigimonModel.swift in Sources */ = {isa = PBXBuildFile; fileRef = 95104A03274E8DF100A3102E /* DigimonModel.swift */; };
		95104A06274E971B00A3102E /* CellCustomView.swift in Sources */ = {isa = PBXBuildFile; fileRef = 95104A05274E971B00A3102E /* CellCustomView.swift */; };
/* End PBXBuildFile section */

/* Begin PBXContainerItemProxy section */
		951049E7274E757F00A3102E /* PBXContainerItemProxy */ = {
			isa = PBXContainerItemProxy;
			containerPortal = 951049C8274E757E00A3102E /* Project object */;
			proxyType = 1;
			remoteGlobalIDString = 951049CF274E757E00A3102E;
			remoteInfo = JawaherAbuLahsah_NetWorking;
		};
		951049F1274E757F00A3102E /* PBXContainerItemProxy */ = {
			isa = PBXContainerItemProxy;
			containerPortal = 951049C8274E757E00A3102E /* Project object */;
			proxyType = 1;
			remoteGlobalIDString = 951049CF274E757E00A3102E;
			remoteInfo = JawaherAbuLahsah_NetWorking;
		};
/* End PBXContainerItemProxy section */

/* Begin PBXFileReference section */
		951049D0274E757E00A3102E /* JawaherAbuLahsah_NetWorking.app */ = {isa = PBXFileReference; explicitFileType = wrapper.application; includeInIndex = 0; path = JawaherAbuLahsah_NetWorking.app; sourceTree = BUILT_PRODUCTS_DIR; };
		951049D3274E757E00A3102E /* AppDelegate.swift */ = {isa = PBXFileReference; lastKnownFileType = sourcecode.swift; path = AppDelegate.swift; sourceTree = "<group>"; };
		951049D5274E757E00A3102E /* SceneDelegate.swift */ = {isa = PBXFileReference; lastKnownFileType = sourcecode.swift; path = SceneDelegate.swift; sourceTree = "<group>"; };
		951049D7274E757E00A3102E /* ViewController.swift */ = {isa = PBXFileReference; lastKnownFileType = sourcecode.swift; path = ViewController.swift; sourceTree = "<group>"; };
		951049DA274E757E00A3102E /* Base */ = {isa = PBXFileReference; lastKnownFileType = file.storyboard; name = Base; path = Base.lproj/Main.storyboard; sourceTree = "<group>"; };
		951049DC274E757E00A3102E /* Assets.xcassets */ = {isa = PBXFileReference; lastKnownFileType = folder.assetcatalog; path = Assets.xcassets; sourceTree = "<group>"; };
		951049DF274E757E00A3102E /* Base */ = {isa = PBXFileReference; lastKnownFileType = file.storyboard; name = Base; path = Base.lproj/LaunchScreen.storyboard; sourceTree = "<group>"; };
		951049E1274E757E00A3102E /* Info.plist */ = {isa = PBXFileReference; lastKnownFileType = text.plist.xml; path = Info.plist; sourceTree = "<group>"; };
		951049E6274E757F00A3102E /* JawaherAbuLahsah_NetWorkingTests.xctest */ = {isa = PBXFileReference; explicitFileType = wrapper.cfbundle; includeInIndex = 0; path = JawaherAbuLahsah_NetWorkingTests.xctest; sourceTree = BUILT_PRODUCTS_DIR; };
		951049EA274E757F00A3102E /* JawaherAbuLahsah_NetWorkingTests.swift */ = {isa = PBXFileReference; lastKnownFileType = sourcecode.swift; path = JawaherAbuLahsah_NetWorkingTests.swift; sourceTree = "<group>"; };
		951049F0274E757F00A3102E /* JawaherAbuLahsah_NetWorkingUITests.xctest */ = {isa = PBXFileReference; explicitFileType = wrapper.cfbundle; includeInIndex = 0; path = JawaherAbuLahsah_NetWorkingUITests.xctest; sourceTree = BUILT_PRODUCTS_DIR; };
		951049F4274E757F00A3102E /* JawaherAbuLahsah_NetWorkingUITests.swift */ = {isa = PBXFileReference; lastKnownFileType = sourcecode.swift; path = JawaherAbuLahsah_NetWorkingUITests.swift; sourceTree = "<group>"; };
		951049F6274E757F00A3102E /* JawaherAbuLahsah_NetWorkingUITestsLaunchTests.swift */ = {isa = PBXFileReference; lastKnownFileType = sourcecode.swift; path = JawaherAbuLahsah_NetWorkingUITestsLaunchTests.swift; sourceTree = "<group>"; };
		95104A03274E8DF100A3102E /* DigimonModel.swift */ = {isa = PBXFileReference; lastKnownFileType = sourcecode.swift; path = DigimonModel.swift; sourceTree = "<group>"; };
		95104A05274E971B00A3102E /* CellCustomView.swift */ = {isa = PBXFileReference; lastKnownFileType = sourcecode.swift; path = CellCustomView.swift; sourceTree = "<group>"; };
/* End PBXFileReference section */

/* Begin PBXFrameworksBuildPhase section */
		951049CD274E757E00A3102E /* Frameworks */ = {
			isa = PBXFrameworksBuildPhase;
			buildActionMask = 2147483647;
			files = (
			);
			runOnlyForDeploymentPostprocessing = 0;
		};
		951049E3274E757F00A3102E /* Frameworks */ = {
			isa = PBXFrameworksBuildPhase;
			buildActionMask = 2147483647;
			files = (
			);
			runOnlyForDeploymentPostprocessing = 0;
		};
		951049ED274E757F00A3102E /* Frameworks */ = {
			isa = PBXFrameworksBuildPhase;
			buildActionMask = 2147483647;
			files = (
			);
			runOnlyForDeploymentPostprocessing = 0;
		};
/* End PBXFrameworksBuildPhase section */

/* Begin PBXGroup section */
		951049C7274E757E00A3102E = {
			isa = PBXGroup;
			children = (
				951049D2274E757E00A3102E /* JawaherAbuLahsah_NetWorking */,
				951049E9274E757F00A3102E /* JawaherAbuLahsah_NetWorkingTests */,
				951049F3274E757F00A3102E /* JawaherAbuLahsah_NetWorkingUITests */,
				951049D1274E757E00A3102E /* Products */,
			);
			sourceTree = "<group>";
		};
		951049D1274E757E00A3102E /* Products */ = {
			isa = PBXGroup;
			children = (
				951049D0274E757E00A3102E /* JawaherAbuLahsah_NetWorking.app */,
				951049E6274E757F00A3102E /* JawaherAbuLahsah_NetWorkingTests.xctest */,
				951049F0274E757F00A3102E /* JawaherAbuLahsah_NetWorkingUITests.xctest */,
			);
			name = Products;
			sourceTree = "<group>";
		};
		951049D2274E757E00A3102E /* JawaherAbuLahsah_NetWorking */ = {
			isa = PBXGroup;
			children = (
				95104A09274EAE6500A3102E /* Controller */,
				95104A08274EAE5700A3102E /* View */,
				95104A07274EAE4800A3102E /* Model */,
				951049D3274E757E00A3102E /* AppDelegate.swift */,
				951049D5274E757E00A3102E /* SceneDelegate.swift */,
				951049DC274E757E00A3102E /* Assets.xcassets */,
				951049DE274E757E00A3102E /* LaunchScreen.storyboard */,
				951049E1274E757E00A3102E /* Info.plist */,
			);
			path = JawaherAbuLahsah_NetWorking;
			sourceTree = "<group>";
		};
		951049E9274E757F00A3102E /* JawaherAbuLahsah_NetWorkingTests */ = {
			isa = PBXGroup;
			children = (
				951049EA274E757F00A3102E /* JawaherAbuLahsah_NetWorkingTests.swift */,
			);
			path = JawaherAbuLahsah_NetWorkingTests;
			sourceTree = "<group>";
		};
		951049F3274E757F00A3102E /* JawaherAbuLahsah_NetWorkingUITests */ = {
			isa = PBXGroup;
			children = (
				951049F4274E757F00A3102E /* JawaherAbuLahsah_NetWorkingUITests.swift */,
				951049F6274E757F00A3102E /* JawaherAbuLahsah_NetWorkingUITestsLaunchTests.swift */,
			);
			path = JawaherAbuLahsah_NetWorkingUITests;
			sourceTree = "<group>";
		};
		95104A07274EAE4800A3102E /* Model */ = {
			isa = PBXGroup;
			children = (
				95104A03274E8DF100A3102E /* DigimonModel.swift */,
			);
			path = Model;
			sourceTree = "<group>";
		};
		95104A08274EAE5700A3102E /* View */ = {
			isa = PBXGroup;
			children = (
				951049D9274E757E00A3102E /* Main.storyboard */,
				95104A05274E971B00A3102E /* CellCustomView.swift */,
			);
			path = View;
			sourceTree = "<group>";
		};
		95104A09274EAE6500A3102E /* Controller */ = {
			isa = PBXGroup;
			children = (
				951049D7274E757E00A3102E /* ViewController.swift */,
			);
			path = Controller;
			sourceTree = "<group>";
		};
/* End PBXGroup section */

/* Begin PBXNativeTarget section */
		951049CF274E757E00A3102E /* JawaherAbuLahsah_NetWorking */ = {
			isa = PBXNativeTarget;
			buildConfigurationList = 951049FA274E757F00A3102E /* Build configuration list for PBXNativeTarget "JawaherAbuLahsah_NetWorking" */;
			buildPhases = (
				951049CC274E757E00A3102E /* Sources */,
				951049CD274E757E00A3102E /* Frameworks */,
				951049CE274E757E00A3102E /* Resources */,
			);
			buildRules = (
			);
			dependencies = (
			);
			name = JawaherAbuLahsah_NetWorking;
			productName = JawaherAbuLahsah_NetWorking;
			productReference = 951049D0274E757E00A3102E /* JawaherAbuLahsah_NetWorking.app */;
			productType = "com.apple.product-type.application";
		};
		951049E5274E757F00A3102E /* JawaherAbuLahsah_NetWorkingTests */ = {
			isa = PBXNativeTarget;
			buildConfigurationList = 951049FD274E757F00A3102E /* Build configuration list for PBXNativeTarget "JawaherAbuLahsah_NetWorkingTests" */;
			buildPhases = (
				951049E2274E757F00A3102E /* Sources */,
				951049E3274E757F00A3102E /* Frameworks */,
				951049E4274E757F00A3102E /* Resources */,
			);
			buildRules = (
			);
			dependencies = (
				951049E8274E757F00A3102E /* PBXTargetDependency */,
			);
			name = JawaherAbuLahsah_NetWorkingTests;
			productName = JawaherAbuLahsah_NetWorkingTests;
			productReference = 951049E6274E757F00A3102E /* JawaherAbuLahsah_NetWorkingTests.xctest */;
			productType = "com.apple.product-type.bundle.unit-test";
		};
		951049EF274E757F00A3102E /* JawaherAbuLahsah_NetWorkingUITests */ = {
			isa = PBXNativeTarget;
			buildConfigurationList = 95104A00274E757F00A3102E /* Build configuration list for PBXNativeTarget "JawaherAbuLahsah_NetWorkingUITests" */;
			buildPhases = (
				951049EC274E757F00A3102E /* Sources */,
				951049ED274E757F00A3102E /* Frameworks */,
				951049EE274E757F00A3102E /* Resources */,
			);
			buildRules = (
			);
			dependencies = (
				951049F2274E757F00A3102E /* PBXTargetDependency */,
			);
			name = JawaherAbuLahsah_NetWorkingUITests;
			productName = JawaherAbuLahsah_NetWorkingUITests;
			productReference = 951049F0274E757F00A3102E /* JawaherAbuLahsah_NetWorkingUITests.xctest */;
			productType = "com.apple.product-type.bundle.ui-testing";
		};
/* End PBXNativeTarget section */

/* Begin PBXProject section */
		951049C8274E757E00A3102E /* Project object */ = {
			isa = PBXProject;
			attributes = {
				BuildIndependentTargetsInParallel = 1;
				LastSwiftUpdateCheck = 1310;
				LastUpgradeCheck = 1310;
				TargetAttributes = {
					951049CF274E757E00A3102E = {
						CreatedOnToolsVersion = 13.1;
					};
					951049E5274E757F00A3102E = {
						CreatedOnToolsVersion = 13.1;
						TestTargetID = 951049CF274E757E00A3102E;
					};
					951049EF274E757F00A3102E = {
						CreatedOnToolsVersion = 13.1;
						TestTargetID = 951049CF274E757E00A3102E;
					};
				};
			};
			buildConfigurationList = 951049CB274E757E00A3102E /* Build configuration list for PBXProject "JawaherAbuLahsah_NetWorking" */;
			compatibilityVersion = "Xcode 13.0";
			developmentRegion = en;
			hasScannedForEncodings = 0;
			knownRegions = (
				en,
				Base,
			);
			mainGroup = 951049C7274E757E00A3102E;
			productRefGroup = 951049D1274E757E00A3102E /* Products */;
			projectDirPath = "";
			projectRoot = "";
			targets = (
				951049CF274E757E00A3102E /* JawaherAbuLahsah_NetWorking */,
				951049E5274E757F00A3102E /* JawaherAbuLahsah_NetWorkingTests */,
				951049EF274E757F00A3102E /* JawaherAbuLahsah_NetWorkingUITests */,
			);
		};
/* End PBXProject section */

/* Begin PBXResourcesBuildPhase section */
		951049CE274E757E00A3102E /* Resources */ = {
			isa = PBXResourcesBuildPhase;
			buildActionMask = 2147483647;
			files = (
				951049E0274E757E00A3102E /* LaunchScreen.storyboard in Resources */,
				951049DD274E757E00A3102E /* Assets.xcassets in Resources */,
				951049DB274E757E00A3102E /* Main.storyboard in Resources */,
			);
			runOnlyForDeploymentPostprocessing = 0;
		};
		951049E4274E757F00A3102E /* Resources */ = {
			isa = PBXResourcesBuildPhase;
			buildActionMask = 2147483647;
			files = (
			);
			runOnlyForDeploymentPostprocessing = 0;
		};
		951049EE274E757F00A3102E /* Resources */ = {
			isa = PBXResourcesBuildPhase;
			buildActionMask = 2147483647;
			files = (
			);
			runOnlyForDeploymentPostprocessing = 0;
		};
/* End PBXResourcesBuildPhase section */

/* Begin PBXSourcesBuildPhase section */
		951049CC274E757E00A3102E /* Sources */ = {
			isa = PBXSourcesBuildPhase;
			buildActionMask = 2147483647;
			files = (
				951049D8274E757E00A3102E /* ViewController.swift in Sources */,
				95104A04274E8DF100A3102E /* DigimonModel.swift in Sources */,
				951049D4274E757E00A3102E /* AppDelegate.swift in Sources */,
				95104A06274E971B00A3102E /* CellCustomView.swift in Sources */,
				951049D6274E757E00A3102E /* SceneDelegate.swift in Sources */,
			);
			runOnlyForDeploymentPostprocessing = 0;
		};
		951049E2274E757F00A3102E /* Sources */ = {
			isa = PBXSourcesBuildPhase;
			buildActionMask = 2147483647;
			files = (
				951049EB274E757F00A3102E /* JawaherAbuLahsah_NetWorkingTests.swift in Sources */,
			);
			runOnlyForDeploymentPostprocessing = 0;
		};
		951049EC274E757F00A3102E /* Sources */ = {
			isa = PBXSourcesBuildPhase;
			buildActionMask = 2147483647;
			files = (
				951049F5274E757F00A3102E /* JawaherAbuLahsah_NetWorkingUITests.swift in Sources */,
				951049F7274E757F00A3102E /* JawaherAbuLahsah_NetWorkingUITestsLaunchTests.swift in Sources */,
			);
			runOnlyForDeploymentPostprocessing = 0;
		};
/* End PBXSourcesBuildPhase section */

/* Begin PBXTargetDependency section */
		951049E8274E757F00A3102E /* PBXTargetDependency */ = {
			isa = PBXTargetDependency;
			target = 951049CF274E757E00A3102E /* JawaherAbuLahsah_NetWorking */;
			targetProxy = 951049E7274E757F00A3102E /* PBXContainerItemProxy */;
		};
		951049F2274E757F00A3102E /* PBXTargetDependency */ = {
			isa = PBXTargetDependency;
			target = 951049CF274E757E00A3102E /* JawaherAbuLahsah_NetWorking */;
			targetProxy = 951049F1274E757F00A3102E /* PBXContainerItemProxy */;
		};
/* End PBXTargetDependency section */

/* Begin PBXVariantGroup section */
		951049D9274E757E00A3102E /* Main.storyboard */ = {
			isa = PBXVariantGroup;
			children = (
				951049DA274E757E00A3102E /* Base */,
			);
			name = Main.storyboard;
			sourceTree = "<group>";
		};
		951049DE274E757E00A3102E /* LaunchScreen.storyboard */ = {
			isa = PBXVariantGroup;
			children = (
				951049DF274E757E00A3102E /* Base */,
			);
			name = LaunchScreen.storyboard;
			sourceTree = "<group>";
		};
/* End PBXVariantGroup section */

/* Begin XCBuildConfiguration section */
		951049F8274E757F00A3102E /* Debug */ = {
			isa = XCBuildConfiguration;
			buildSettings = {
				ALWAYS_SEARCH_USER_PATHS = NO;
				CLANG_ANALYZER_NONNULL = YES;
				CLANG_ANALYZER_NUMBER_OBJECT_CONVERSION = YES_AGGRESSIVE;
				CLANG_CXX_LANGUAGE_STANDARD = "gnu++17";
				CLANG_CXX_LIBRARY = "libc++";
				CLANG_ENABLE_MODULES = YES;
				CLANG_ENABLE_OBJC_ARC = YES;
				CLANG_ENABLE_OBJC_WEAK = YES;
				CLANG_WARN_BLOCK_CAPTURE_AUTORELEASING = YES;
				CLANG_WARN_BOOL_CONVERSION = YES;
				CLANG_WARN_COMMA = YES;
				CLANG_WARN_CONSTANT_CONVERSION = YES;
				CLANG_WARN_DEPRECATED_OBJC_IMPLEMENTATIONS = YES;
				CLANG_WARN_DIRECT_OBJC_ISA_USAGE = YES_ERROR;
				CLANG_WARN_DOCUMENTATION_COMMENTS = YES;
				CLANG_WARN_EMPTY_BODY = YES;
				CLANG_WARN_ENUM_CONVERSION = YES;
				CLANG_WARN_INFINITE_RECURSION = YES;
				CLANG_WARN_INT_CONVERSION = YES;
				CLANG_WARN_NON_LITERAL_NULL_CONVERSION = YES;
				CLANG_WARN_OBJC_IMPLICIT_RETAIN_SELF = YES;
				CLANG_WARN_OBJC_LITERAL_CONVERSION = YES;
				CLANG_WARN_OBJC_ROOT_CLASS = YES_ERROR;
				CLANG_WARN_QUOTED_INCLUDE_IN_FRAMEWORK_HEADER = YES;
				CLANG_WARN_RANGE_LOOP_ANALYSIS = YES;
				CLANG_WARN_STRICT_PROTOTYPES = YES;
				CLANG_WARN_SUSPICIOUS_MOVE = YES;
				CLANG_WARN_UNGUARDED_AVAILABILITY = YES_AGGRESSIVE;
				CLANG_WARN_UNREACHABLE_CODE = YES;
				CLANG_WARN__DUPLICATE_METHOD_MATCH = YES;
				COPY_PHASE_STRIP = NO;
				DEBUG_INFORMATION_FORMAT = dwarf;
				ENABLE_STRICT_OBJC_MSGSEND = YES;
				ENABLE_TESTABILITY = YES;
				GCC_C_LANGUAGE_STANDARD = gnu11;
				GCC_DYNAMIC_NO_PIC = NO;
				GCC_NO_COMMON_BLOCKS = YES;
				GCC_OPTIMIZATION_LEVEL = 0;
				GCC_PREPROCESSOR_DEFINITIONS = (
					"DEBUG=1",
					"$(inherited)",
				);
				GCC_WARN_64_TO_32_BIT_CONVERSION = YES;
				GCC_WARN_ABOUT_RETURN_TYPE = YES_ERROR;
				GCC_WARN_UNDECLARED_SELECTOR = YES;
				GCC_WARN_UNINITIALIZED_AUTOS = YES_AGGRESSIVE;
				GCC_WARN_UNUSED_FUNCTION = YES;
				GCC_WARN_UNUSED_VARIABLE = YES;
				IPHONEOS_DEPLOYMENT_TARGET = 15.0;
				MTL_ENABLE_DEBUG_INFO = INCLUDE_SOURCE;
				MTL_FAST_MATH = YES;
				ONLY_ACTIVE_ARCH = YES;
				SDKROOT = iphoneos;
				SWIFT_ACTIVE_COMPILATION_CONDITIONS = DEBUG;
				SWIFT_OPTIMIZATION_LEVEL = "-Onone";
			};
			name = Debug;
		};
		951049F9274E757F00A3102E /* Release */ = {
			isa = XCBuildConfiguration;
			buildSettings = {
				ALWAYS_SEARCH_USER_PATHS = NO;
				CLANG_ANALYZER_NONNULL = YES;
				CLANG_ANALYZER_NUMBER_OBJECT_CONVERSION = YES_AGGRESSIVE;
				CLANG_CXX_LANGUAGE_STANDARD = "gnu++17";
				CLANG_CXX_LIBRARY = "libc++";
				CLANG_ENABLE_MODULES = YES;
				CLANG_ENABLE_OBJC_ARC = YES;
				CLANG_ENABLE_OBJC_WEAK = YES;
				CLANG_WARN_BLOCK_CAPTURE_AUTORELEASING = YES;
				CLANG_WARN_BOOL_CONVERSION = YES;
				CLANG_WARN_COMMA = YES;
				CLANG_WARN_CONSTANT_CONVERSION = YES;
				CLANG_WARN_DEPRECATED_OBJC_IMPLEMENTATIONS = YES;
				CLANG_WARN_DIRECT_OBJC_ISA_USAGE = YES_ERROR;
				CLANG_WARN_DOCUMENTATION_COMMENTS = YES;
				CLANG_WARN_EMPTY_BODY = YES;
				CLANG_WARN_ENUM_CONVERSION = YES;
				CLANG_WARN_INFINITE_RECURSION = YES;
				CLANG_WARN_INT_CONVERSION = YES;
				CLANG_WARN_NON_LITERAL_NULL_CONVERSION = YES;
				CLANG_WARN_OBJC_IMPLICIT_RETAIN_SELF = YES;
				CLANG_WARN_OBJC_LITERAL_CONVERSION = YES;
				CLANG_WARN_OBJC_ROOT_CLASS = YES_ERROR;
				CLANG_WARN_QUOTED_INCLUDE_IN_FRAMEWORK_HEADER = YES;
				CLANG_WARN_RANGE_LOOP_ANALYSIS = YES;
				CLANG_WARN_STRICT_PROTOTYPES = YES;
				CLANG_WARN_SUSPICIOUS_MOVE = YES;
				CLANG_WARN_UNGUARDED_AVAILABILITY = YES_AGGRESSIVE;
				CLANG_WARN_UNREACHABLE_CODE = YES;
				CLANG_WARN__DUPLICATE_METHOD_MATCH = YES;
				COPY_PHASE_STRIP = NO;
				DEBUG_INFORMATION_FORMAT = "dwarf-with-dsym";
				ENABLE_NS_ASSERTIONS = NO;
				ENABLE_STRICT_OBJC_MSGSEND = YES;
				GCC_C_LANGUAGE_STANDARD = gnu11;
				GCC_NO_COMMON_BLOCKS = YES;
				GCC_WARN_64_TO_32_BIT_CONVERSION = YES;
				GCC_WARN_ABOUT_RETURN_TYPE = YES_ERROR;
				GCC_WARN_UNDECLARED_SELECTOR = YES;
				GCC_WARN_UNINITIALIZED_AUTOS = YES_AGGRESSIVE;
				GCC_WARN_UNUSED_FUNCTION = YES;
				GCC_WARN_UNUSED_VARIABLE = YES;
				IPHONEOS_DEPLOYMENT_TARGET = 15.0;
				MTL_ENABLE_DEBUG_INFO = NO;
				MTL_FAST_MATH = YES;
				SDKROOT = iphoneos;
				SWIFT_COMPILATION_MODE = wholemodule;
				SWIFT_OPTIMIZATION_LEVEL = "-O";
				VALIDATE_PRODUCT = YES;
			};
			name = Release;
		};
		951049FB274E757F00A3102E /* Debug */ = {
			isa = XCBuildConfiguration;
			buildSettings = {
				ASSETCATALOG_COMPILER_APPICON_NAME = AppIcon;
				ASSETCATALOG_COMPILER_GLOBAL_ACCENT_COLOR_NAME = AccentColor;
				CODE_SIGN_STYLE = Automatic;
				CURRENT_PROJECT_VERSION = 1;
				DEVELOPMENT_TEAM = 4TAAWH6W7Q;
				GENERATE_INFOPLIST_FILE = YES;
				INFOPLIST_FILE = JawaherAbuLahsah_NetWorking/Info.plist;
				INFOPLIST_KEY_UIApplicationSupportsIndirectInputEvents = YES;
				INFOPLIST_KEY_UILaunchStoryboardName = LaunchScreen;
				INFOPLIST_KEY_UIMainStoryboardFile = Main;
				INFOPLIST_KEY_UISupportedInterfaceOrientations_iPad = "UIInterfaceOrientationPortrait UIInterfaceOrientationPortraitUpsideDown UIInterfaceOrientationLandscapeLeft UIInterfaceOrientationLandscapeRight";
				INFOPLIST_KEY_UISupportedInterfaceOrientations_iPhone = "UIInterfaceOrientationPortrait UIInterfaceOrientationLandscapeLeft UIInterfaceOrientationLandscapeRight";
				LD_RUNPATH_SEARCH_PATHS = (
					"$(inherited)",
					"@executable_path/Frameworks",
				);
				MARKETING_VERSION = 1.0;
				PRODUCT_BUNDLE_IDENTIFIER = "jawaher.JawaherAbuLahsah-NetWorking";
				PRODUCT_NAME = "$(TARGET_NAME)";
				SWIFT_EMIT_LOC_STRINGS = YES;
				SWIFT_VERSION = 5.0;
				TARGETED_DEVICE_FAMILY = "1,2";
			};
			name = Debug;
		};
		951049FC274E757F00A3102E /* Release */ = {
			isa = XCBuildConfiguration;
			buildSettings = {
				ASSETCATALOG_COMPILER_APPICON_NAME = AppIcon;
				ASSETCATALOG_COMPILER_GLOBAL_ACCENT_COLOR_NAME = AccentColor;
				CODE_SIGN_STYLE = Automatic;
				CURRENT_PROJECT_VERSION = 1;
				DEVELOPMENT_TEAM = 4TAAWH6W7Q;
				GENERATE_INFOPLIST_FILE = YES;
				INFOPLIST_FILE = JawaherAbuLahsah_NetWorking/Info.plist;
				INFOPLIST_KEY_UIApplicationSupportsIndirectInputEvents = YES;
				INFOPLIST_KEY_UILaunchStoryboardName = LaunchScreen;
				INFOPLIST_KEY_UIMainStoryboardFile = Main;
				INFOPLIST_KEY_UISupportedInterfaceOrientations_iPad = "UIInterfaceOrientationPortrait UIInterfaceOrientationPortraitUpsideDown UIInterfaceOrientationLandscapeLeft UIInterfaceOrientationLandscapeRight";
				INFOPLIST_KEY_UISupportedInterfaceOrientations_iPhone = "UIInterfaceOrientationPortrait UIInterfaceOrientationLandscapeLeft UIInterfaceOrientationLandscapeRight";
				LD_RUNPATH_SEARCH_PATHS = (
					"$(inherited)",
					"@executable_path/Frameworks",
				);
				MARKETING_VERSION = 1.0;
				PRODUCT_BUNDLE_IDENTIFIER = "jawaher.JawaherAbuLahsah-NetWorking";
				PRODUCT_NAME = "$(TARGET_NAME)";
				SWIFT_EMIT_LOC_STRINGS = YES;
				SWIFT_VERSION = 5.0;
				TARGETED_DEVICE_FAMILY = "1,2";
			};
			name = Release;
		};
		951049FE274E757F00A3102E /* Debug */ = {
			isa = XCBuildConfiguration;
			buildSettings = {
				ALWAYS_EMBED_SWIFT_STANDARD_LIBRARIES = YES;
				BUNDLE_LOADER = "$(TEST_HOST)";
				CODE_SIGN_STYLE = Automatic;
				CURRENT_PROJECT_VERSION = 1;
				DEVELOPMENT_TEAM = 4TAAWH6W7Q;
				GENERATE_INFOPLIST_FILE = YES;
				IPHONEOS_DEPLOYMENT_TARGET = 15.0;
				LD_RUNPATH_SEARCH_PATHS = (
					"$(inherited)",
					"@executable_path/Frameworks",
					"@loader_path/Frameworks",
				);
				MARKETING_VERSION = 1.0;
				PRODUCT_BUNDLE_IDENTIFIER = "jawaher.JawaherAbuLahsah-NetWorkingTests";
				PRODUCT_NAME = "$(TARGET_NAME)";
				SWIFT_EMIT_LOC_STRINGS = NO;
				SWIFT_VERSION = 5.0;
				TARGETED_DEVICE_FAMILY = "1,2";
				TEST_HOST = "$(BUILT_PRODUCTS_DIR)/JawaherAbuLahsah_NetWorking.app/JawaherAbuLahsah_NetWorking";
			};
			name = Debug;
		};
		951049FF274E757F00A3102E /* Release */ = {
			isa = XCBuildConfiguration;
			buildSettings = {
				ALWAYS_EMBED_SWIFT_STANDARD_LIBRARIES = YES;
				BUNDLE_LOADER = "$(TEST_HOST)";
				CODE_SIGN_STYLE = Automatic;
				CURRENT_PROJECT_VERSION = 1;
				DEVELOPMENT_TEAM = 4TAAWH6W7Q;
				GENERATE_INFOPLIST_FILE = YES;
				IPHONEOS_DEPLOYMENT_TARGET = 15.0;
				LD_RUNPATH_SEARCH_PATHS = (
					"$(inherited)",
					"@executable_path/Frameworks",
					"@loader_path/Frameworks",
				);
				MARKETING_VERSION = 1.0;
				PRODUCT_BUNDLE_IDENTIFIER = "jawaher.JawaherAbuLahsah-NetWorkingTests";
				PRODUCT_NAME = "$(TARGET_NAME)";
				SWIFT_EMIT_LOC_STRINGS = NO;
				SWIFT_VERSION = 5.0;
				TARGETED_DEVICE_FAMILY = "1,2";
				TEST_HOST = "$(BUILT_PRODUCTS_DIR)/JawaherAbuLahsah_NetWorking.app/JawaherAbuLahsah_NetWorking";
			};
			name = Release;
		};
		95104A01274E757F00A3102E /* Debug */ = {
			isa = XCBuildConfiguration;
			buildSettings = {
				ALWAYS_EMBED_SWIFT_STANDARD_LIBRARIES = YES;
				CODE_SIGN_STYLE = Automatic;
				CURRENT_PROJECT_VERSION = 1;
				DEVELOPMENT_TEAM = 4TAAWH6W7Q;
				GENERATE_INFOPLIST_FILE = YES;
				LD_RUNPATH_SEARCH_PATHS = (
					"$(inherited)",
					"@executable_path/Frameworks",
					"@loader_path/Frameworks",
				);
				MARKETING_VERSION = 1.0;
				PRODUCT_BUNDLE_IDENTIFIER = "jawaher.JawaherAbuLahsah-NetWorkingUITests";
				PRODUCT_NAME = "$(TARGET_NAME)";
				SWIFT_EMIT_LOC_STRINGS = NO;
				SWIFT_VERSION = 5.0;
				TARGETED_DEVICE_FAMILY = "1,2";
				TEST_TARGET_NAME = JawaherAbuLahsah_NetWorking;
			};
			name = Debug;
		};
		95104A02274E757F00A3102E /* Release */ = {
			isa = XCBuildConfiguration;
			buildSettings = {
				ALWAYS_EMBED_SWIFT_STANDARD_LIBRARIES = YES;
				CODE_SIGN_STYLE = Automatic;
				CURRENT_PROJECT_VERSION = 1;
				DEVELOPMENT_TEAM = 4TAAWH6W7Q;
				GENERATE_INFOPLIST_FILE = YES;
				LD_RUNPATH_SEARCH_PATHS = (
					"$(inherited)",
					"@executable_path/Frameworks",
					"@loader_path/Frameworks",
				);
				MARKETING_VERSION = 1.0;
				PRODUCT_BUNDLE_IDENTIFIER = "jawaher.JawaherAbuLahsah-NetWorkingUITests";
				PRODUCT_NAME = "$(TARGET_NAME)";
				SWIFT_EMIT_LOC_STRINGS = NO;
				SWIFT_VERSION = 5.0;
				TARGETED_DEVICE_FAMILY = "1,2";
				TEST_TARGET_NAME = JawaherAbuLahsah_NetWorking;
			};
			name = Release;
		};
/* End XCBuildConfiguration section */

/* Begin XCConfigurationList section */
		951049CB274E757E00A3102E /* Build configuration list for PBXProject "JawaherAbuLahsah_NetWorking" */ = {
			isa = XCConfigurationList;
			buildConfigurations = (
				951049F8274E757F00A3102E /* Debug */,
				951049F9274E757F00A3102E /* Release */,
			);
			defaultConfigurationIsVisible = 0;
			defaultConfigurationName = Release;
		};
		951049FA274E757F00A3102E /* Build configuration list for PBXNativeTarget "JawaherAbuLahsah_NetWorking" */ = {
			isa = XCConfigurationList;
			buildConfigurations = (
				951049FB274E757F00A3102E /* Debug */,
				951049FC274E757F00A3102E /* Release */,
			);
			defaultConfigurationIsVisible = 0;
			defaultConfigurationName = Release;
		};
		951049FD274E757F00A3102E /* Build configuration list for PBXNativeTarget "JawaherAbuLahsah_NetWorkingTests" */ = {
			isa = XCConfigurationList;
			buildConfigurations = (
				951049FE274E757F00A3102E /* Debug */,
				951049FF274E757F00A3102E /* Release */,
			);
			defaultConfigurationIsVisible = 0;
			defaultConfigurationName = Release;
		};
		95104A00274E757F00A3102E /* Build configuration list for PBXNativeTarget "JawaherAbuLahsah_NetWorkingUITests" */ = {
			isa = XCConfigurationList;
			buildConfigurations = (
				95104A01274E757F00A3102E /* Debug */,
				95104A02274E757F00A3102E /* Release */,
			);
			defaultConfigurationIsVisible = 0;
			defaultConfigurationName = Release;
		};
/* End XCConfigurationList section */
	};
	rootObject = 951049C8274E757E00A3102E /* Project object */;
}
